// !$*UTF8*$!
{
	archiveVersion = 1;
	classes = {
	};
	objectVersion = 54;
	objects = {

/* Begin PBXBuildFile section */
		0C80B921A6F3F58F76C31292 /* libPods-Bosla.a in Frameworks */ = {isa = PBXBuildFile; fileRef = 5DCACB8F33CDC322A6C60F78 /* libPods-Bosla.a */; };
		13B07FBF1A68108700A75B9A /* Images.xcassets in Resources */ = {isa = PBXBuildFile; fileRef = 13B07FB51A68108700A75B9A /* Images.xcassets */; };
		761780ED2CA45674006654EE /* AppDelegate.swift in Sources */ = {isa = PBXBuildFile; fileRef = 761780EC2CA45674006654EE /* AppDelegate.swift */; };
		81AB9BB82411601600AC10FF /* LaunchScreen.storyboard in Resources */ = {isa = PBXBuildFile; fileRef = 81AB9BB72411601600AC10FF /* LaunchScreen.storyboard */; };
		43E109C051214DE49A4B0ADB /* BootSplash.storyboard in Resources */ = {isa = PBXBuildFile; fileRef = 298D0316313D432B90C3DA8A /* BootSplash.storyboard */; };
		75532C1BC09544FC953BF72D /* Colors.xcassets in Resources */ = {isa = PBXBuildFile; fileRef = F0FBDD88DFED47E090D76109 /* Colors.xcassets */; };
		547C21E3F904440CB2941712 /* Changa-VariableFont_wght.ttf in Resources */ = {isa = PBXBuildFile; fileRef = CBE225F3F96F489990A54717 /* Changa-VariableFont_wght.ttf */; };
		815A57D0B6774CE882A50B6B /* NotoSans-Black.ttf in Resources */ = {isa = PBXBuildFile; fileRef = D582235EEB0D436AA1DA2E9A /* NotoSans-Black.ttf */; };
		E8B023E686794B38BE714CAB /* NotoSans-BlackItalic.ttf in Resources */ = {isa = PBXBuildFile; fileRef = 1AAC8CC65681401F9DC63BD9 /* NotoSans-BlackItalic.ttf */; };
		F0D32505E92249FAA1E1E527 /* NotoSans-Bold.ttf in Resources */ = {isa = PBXBuildFile; fileRef = 602979B887044ACA8EEF27C1 /* NotoSans-Bold.ttf */; };
		6E90DBA037604D68B995899B /* NotoSans-BoldItalic.ttf in Resources */ = {isa = PBXBuildFile; fileRef = 31274A05C9904A2788ED11BA /* NotoSans-BoldItalic.ttf */; };
		A01AE63B9E944D4D9075B439 /* NotoSans-ExtraBold.ttf in Resources */ = {isa = PBXBuildFile; fileRef = EF65CEC34C184AB79D68C1CC /* NotoSans-ExtraBold.ttf */; };
		5B0FED6B7424495592F8E2F5 /* NotoSans-ExtraBoldItalic.ttf in Resources */ = {isa = PBXBuildFile; fileRef = 5910EE2C278D4ABEBEFF7313 /* NotoSans-ExtraBoldItalic.ttf */; };
		E1B7422C62DF477DBFD2F653 /* NotoSans-ExtraLight.ttf in Resources */ = {isa = PBXBuildFile; fileRef = C462D40B750C4B4A9584B9C4 /* NotoSans-ExtraLight.ttf */; };
		B6C4AAFF6D9349968D41D947 /* NotoSans-ExtraLightItalic.ttf in Resources */ = {isa = PBXBuildFile; fileRef = 424535DDD18847BAA273EB8E /* NotoSans-ExtraLightItalic.ttf */; };
		E132060448914BB59C454C3F /* NotoSans-Italic.ttf in Resources */ = {isa = PBXBuildFile; fileRef = 123AEB5502834528A73A775D /* NotoSans-Italic.ttf */; };
		985EC22C3D9D47B1AD1F47C9 /* NotoSans-Light.ttf in Resources */ = {isa = PBXBuildFile; fileRef = 90203EF0E81C43A1A8FCB4E2 /* NotoSans-Light.ttf */; };
		AC4FBFD344744CEDB81F5E89 /* NotoSans-LightItalic.ttf in Resources */ = {isa = PBXBuildFile; fileRef = BDA0ECB19B0545F990E91F69 /* NotoSans-LightItalic.ttf */; };
		DA65878D551A4A3B8C393B2D /* NotoSans-Medium.ttf in Resources */ = {isa = PBXBuildFile; fileRef = 93B93BA08803466396671715 /* NotoSans-Medium.ttf */; };
		23F775E4D39D480F8361E13B /* NotoSans-MediumItalic.ttf in Resources */ = {isa = PBXBuildFile; fileRef = 42D84AB014D64BC181206B8D /* NotoSans-MediumItalic.ttf */; };
		B055506E42B747B6A67DDDD6 /* NotoSans-Regular.ttf in Resources */ = {isa = PBXBuildFile; fileRef = B2E641809CE043B8AF0BA621 /* NotoSans-Regular.ttf */; };
		A10E46C22FAD424FBFA07A16 /* NotoSans-SemiBold.ttf in Resources */ = {isa = PBXBuildFile; fileRef = DBA2D3A7329F417DAA1747BB /* NotoSans-SemiBold.ttf */; };
		DA88B8FEC99C40BA95456242 /* NotoSans-SemiBoldItalic.ttf in Resources */ = {isa = PBXBuildFile; fileRef = BFF1A8F6C9234635AF2A8D5B /* NotoSans-SemiBoldItalic.ttf */; };
		A583B0849A294A7492397F78 /* NotoSans-Thin.ttf in Resources */ = {isa = PBXBuildFile; fileRef = A09180197A644EBFB1BE6788 /* NotoSans-Thin.ttf */; };
		F2A6D43BE81C45DF8EDFD03C /* NotoSans-ThinItalic.ttf in Resources */ = {isa = PBXBuildFile; fileRef = 7D850B45431A4EAAB35D1E9C /* NotoSans-ThinItalic.ttf */; };
		97CD407C031144E6999FBCBA /* NotoSansArabic-Black.ttf in Resources */ = {isa = PBXBuildFile; fileRef = D438006B02C644CE9DA31DE8 /* NotoSansArabic-Black.ttf */; };
		DF8AFA81A3444896929F0E30 /* NotoSansArabic-Bold.ttf in Resources */ = {isa = PBXBuildFile; fileRef = 9FEE4A8DDFC9420BB0E0A3D2 /* NotoSansArabic-Bold.ttf */; };
		662AD4A23BE94DC98EDB16CE /* NotoSansArabic-ExtraBold.ttf in Resources */ = {isa = PBXBuildFile; fileRef = FC43ABE6C8314FF887C34C1C /* NotoSansArabic-ExtraBold.ttf */; };
		7B6C6656C0C94FB195C755E2 /* NotoSansArabic-ExtraLight.ttf in Resources */ = {isa = PBXBuildFile; fileRef = B893084808D8440DBAD31246 /* NotoSansArabic-ExtraLight.ttf */; };
		D18278F6025D448280BFFD25 /* NotoSansArabic-Light.ttf in Resources */ = {isa = PBXBuildFile; fileRef = 8A41FBD4D16A420AA1B4A3FC /* NotoSansArabic-Light.ttf */; };
		BA2C76B81F624C539D9CA5A6 /* NotoSansArabic-Medium.ttf in Resources */ = {isa = PBXBuildFile; fileRef = 6820236FE0BA44A7B7754105 /* NotoSansArabic-Medium.ttf */; };
		BBB20C8DC1CB489D847BA83C /* NotoSansArabic-Regular.ttf in Resources */ = {isa = PBXBuildFile; fileRef = FAA828DC829F413593FB07B0 /* NotoSansArabic-Regular.ttf */; };
		4E1BBF141DAD4A86979E9C23 /* NotoSansArabic-SemiBold.ttf in Resources */ = {isa = PBXBuildFile; fileRef = AA0BB4F7704D4F95A0F5A3FE /* NotoSansArabic-SemiBold.ttf */; };
		7731C2DBB8B542ED898D1F41 /* NotoSansArabic-Thin.ttf in Resources */ = {isa = PBXBuildFile; fileRef = D47FF4B56D4D42EEB33C9AD3 /* NotoSansArabic-Thin.ttf */; };
		8A2C782A7ACE4F8EAA089449 /* NotoSansArabic_Condensed-Black.ttf in Resources */ = {isa = PBXBuildFile; fileRef = 3EAFBB7B188D405BA4D28F06 /* NotoSansArabic_Condensed-Black.ttf */; };
		7A2103F629E843DC96696817 /* NotoSansArabic_Condensed-Bold.ttf in Resources */ = {isa = PBXBuildFile; fileRef = F2186547338241D8A99DC55B /* NotoSansArabic_Condensed-Bold.ttf */; };
		42BB29F0D74F401EBEBA3750 /* NotoSansArabic_Condensed-ExtraBold.ttf in Resources */ = {isa = PBXBuildFile; fileRef = 81A07265CD4847089EA5A8F1 /* NotoSansArabic_Condensed-ExtraBold.ttf */; };
		F8D87A48FD554F17A219DE5D /* NotoSansArabic_Condensed-ExtraLight.ttf in Resources */ = {isa = PBXBuildFile; fileRef = AE0D76F5B057447F8D681709 /* NotoSansArabic_Condensed-ExtraLight.ttf */; };
		A1CA76273CBA4801A8E181B7 /* NotoSansArabic_Condensed-Light.ttf in Resources */ = {isa = PBXBuildFile; fileRef = 34FB88765BC54BF39DBC0CFD /* NotoSansArabic_Condensed-Light.ttf */; };
		014EDCC4706A46C0A3338329 /* NotoSansArabic_Condensed-Medium.ttf in Resources */ = {isa = PBXBuildFile; fileRef = 2379C8D8271142638E534654 /* NotoSansArabic_Condensed-Medium.ttf */; };
		FF4D514ED4184BE092A56AA8 /* NotoSansArabic_Condensed-Regular.ttf in Resources */ = {isa = PBXBuildFile; fileRef = 866A414D58BB45D2BC94B6F2 /* NotoSansArabic_Condensed-Regular.ttf */; };
		40DC880615764841B752A5C8 /* NotoSansArabic_Condensed-SemiBold.ttf in Resources */ = {isa = PBXBuildFile; fileRef = 7979813B7BBC453BAD24357F /* NotoSansArabic_Condensed-SemiBold.ttf */; };
		E603E34CBC1D4548B94B504D /* NotoSansArabic_Condensed-Thin.ttf in Resources */ = {isa = PBXBuildFile; fileRef = 85623EF019604530BE92E347 /* NotoSansArabic_Condensed-Thin.ttf */; };
		0BB56ED3A6C94DD3BB6159FC /* NotoSansArabic_ExtraCondensed-Black.ttf in Resources */ = {isa = PBXBuildFile; fileRef = 4D4B856E7F1543C78360018F /* NotoSansArabic_ExtraCondensed-Black.ttf */; };
		9708DDE8F4BD402489976FF2 /* NotoSansArabic_ExtraCondensed-Bold.ttf in Resources */ = {isa = PBXBuildFile; fileRef = 8A9F9C631418405D85E23D2F /* NotoSansArabic_ExtraCondensed-Bold.ttf */; };
		DA520DB7D69740C286BB50A4 /* NotoSansArabic_ExtraCondensed-ExtraBold.ttf in Resources */ = {isa = PBXBuildFile; fileRef = 29D58625D1B14C818D05CF6B /* NotoSansArabic_ExtraCondensed-ExtraBold.ttf */; };
		3535FDC28A114FEAAE9D2DB2 /* NotoSansArabic_ExtraCondensed-ExtraLight.ttf in Resources */ = {isa = PBXBuildFile; fileRef = 32A9165855454951B7B0F651 /* NotoSansArabic_ExtraCondensed-ExtraLight.ttf */; };
		B71336F10D3847B8B5CBE91A /* NotoSansArabic_ExtraCondensed-Light.ttf in Resources */ = {isa = PBXBuildFile; fileRef = AB2093EA41944702A3F9BD88 /* NotoSansArabic_ExtraCondensed-Light.ttf */; };
		F2370621B9C94A62BE7DEEB2 /* NotoSansArabic_ExtraCondensed-Medium.ttf in Resources */ = {isa = PBXBuildFile; fileRef = 2EB11175261547F7A7A37324 /* NotoSansArabic_ExtraCondensed-Medium.ttf */; };
		C701EF35EC044792B242C7AA /* NotoSansArabic_ExtraCondensed-Regular.ttf in Resources */ = {isa = PBXBuildFile; fileRef = 90883439697241198E41FED2 /* NotoSansArabic_ExtraCondensed-Regular.ttf */; };
		958B24A498094FFCACDBB7F3 /* NotoSansArabic_ExtraCondensed-SemiBold.ttf in Resources */ = {isa = PBXBuildFile; fileRef = 3A359737E8854A7599FDD70D /* NotoSansArabic_ExtraCondensed-SemiBold.ttf */; };
		10738D32176A4F789D921177 /* NotoSansArabic_ExtraCondensed-Thin.ttf in Resources */ = {isa = PBXBuildFile; fileRef = 87D3A614380E4E1EA610A7BD /* NotoSansArabic_ExtraCondensed-Thin.ttf */; };
		312DA2C6C2044B8C847CF844 /* NotoSansArabic_SemiCondensed-Black.ttf in Resources */ = {isa = PBXBuildFile; fileRef = 6D15404321A144669BDBA239 /* NotoSansArabic_SemiCondensed-Black.ttf */; };
		1B2196D93A564A6FA6B062CC /* NotoSansArabic_SemiCondensed-Bold.ttf in Resources */ = {isa = PBXBuildFile; fileRef = 90B270841DF346B4B855A36D /* NotoSansArabic_SemiCondensed-Bold.ttf */; };
		213566D068AD45B78A0A3D72 /* NotoSansArabic_SemiCondensed-ExtraBold.ttf in Resources */ = {isa = PBXBuildFile; fileRef = 356507E9CAB94703B8C3EF6D /* NotoSansArabic_SemiCondensed-ExtraBold.ttf */; };
		2BED874BE97E412BA1375451 /* NotoSansArabic_SemiCondensed-ExtraLight.ttf in Resources */ = {isa = PBXBuildFile; fileRef = FFF3D82561A744F98F7207D7 /* NotoSansArabic_SemiCondensed-ExtraLight.ttf */; };
		29C6E8C43C0D40CB9F9AF73F /* NotoSansArabic_SemiCondensed-Light.ttf in Resources */ = {isa = PBXBuildFile; fileRef = 01B28E5701544EF88C2A2DA1 /* NotoSansArabic_SemiCondensed-Light.ttf */; };
		B048D371A179418CB8311CA2 /* NotoSansArabic_SemiCondensed-Medium.ttf in Resources */ = {isa = PBXBuildFile; fileRef = 66C94E69913B4020B1E73A88 /* NotoSansArabic_SemiCondensed-Medium.ttf */; };
		84E5EBDFBB5D46AF9F4FB095 /* NotoSansArabic_SemiCondensed-Regular.ttf in Resources */ = {isa = PBXBuildFile; fileRef = 12297C33DC0148B0B1AAF770 /* NotoSansArabic_SemiCondensed-Regular.ttf */; };
		BB0362E5A5924C1C86BD3B23 /* NotoSansArabic_SemiCondensed-SemiBold.ttf in Resources */ = {isa = PBXBuildFile; fileRef = 1B60DF909B8E4E439C6DD819 /* NotoSansArabic_SemiCondensed-SemiBold.ttf */; };
		3B6A21B93E654635A7BE46B1 /* NotoSansArabic_SemiCondensed-Thin.ttf in Resources */ = {isa = PBXBuildFile; fileRef = 314B16B091BC419BBF3C2C85 /* NotoSansArabic_SemiCondensed-Thin.ttf */; };
		75AB7D9C0DF842D391E1C441 /* NotoSans_Condensed-Black.ttf in Resources */ = {isa = PBXBuildFile; fileRef = 5AF203408BD34A8F84A1CB4A /* NotoSans_Condensed-Black.ttf */; };
		1B1C2074C04A416EBEF794A2 /* NotoSans_Condensed-BlackItalic.ttf in Resources */ = {isa = PBXBuildFile; fileRef = 4F014102F2DE49FDB4661E5F /* NotoSans_Condensed-BlackItalic.ttf */; };
		5CD07493699E4B978188F1B8 /* NotoSans_Condensed-Bold.ttf in Resources */ = {isa = PBXBuildFile; fileRef = F310807FA7144BD295119BF2 /* NotoSans_Condensed-Bold.ttf */; };
		F96DD6E98C964EE08BAA3D9C /* NotoSans_Condensed-BoldItalic.ttf in Resources */ = {isa = PBXBuildFile; fileRef = 5F561C2021C0490ABFACC7A8 /* NotoSans_Condensed-BoldItalic.ttf */; };
		C93C3510F88849CF8FF1CB4F /* NotoSans_Condensed-ExtraBold.ttf in Resources */ = {isa = PBXBuildFile; fileRef = 3828CA2BEAC94973B9DD97CA /* NotoSans_Condensed-ExtraBold.ttf */; };
		5251532E72BC4753B570D79A /* NotoSans_Condensed-ExtraBoldItalic.ttf in Resources */ = {isa = PBXBuildFile; fileRef = CF16B560A7A848B68E0354B6 /* NotoSans_Condensed-ExtraBoldItalic.ttf */; };
		4E585057B2C646AE89F96CB3 /* NotoSans_Condensed-ExtraLight.ttf in Resources */ = {isa = PBXBuildFile; fileRef = 617898C054644D9DBE1B3E4A /* NotoSans_Condensed-ExtraLight.ttf */; };
		9B0BB3A724BF4D3A9E6C0813 /* NotoSans_Condensed-ExtraLightItalic.ttf in Resources */ = {isa = PBXBuildFile; fileRef = 1B903B7827A2410694E44F99 /* NotoSans_Condensed-ExtraLightItalic.ttf */; };
		AB339F47BFFA44FE90E37AC3 /* NotoSans_Condensed-Italic.ttf in Resources */ = {isa = PBXBuildFile; fileRef = 18947D195F1D49A9B6735A3E /* NotoSans_Condensed-Italic.ttf */; };
		7CDABF4B6E2E42688246A677 /* NotoSans_Condensed-Light.ttf in Resources */ = {isa = PBXBuildFile; fileRef = CE5D9C7664DE4FA1AD893518 /* NotoSans_Condensed-Light.ttf */; };
		D6A1848FF37F49DF972F4592 /* NotoSans_Condensed-LightItalic.ttf in Resources */ = {isa = PBXBuildFile; fileRef = 4771C37F99DC43C1BA4F78C6 /* NotoSans_Condensed-LightItalic.ttf */; };
		679736B4BDD74B7283714C64 /* NotoSans_Condensed-Medium.ttf in Resources */ = {isa = PBXBuildFile; fileRef = A2964604F05240F2A5DCAAB4 /* NotoSans_Condensed-Medium.ttf */; };
		F653BC83C03C43B9A37E753D /* NotoSans_Condensed-MediumItalic.ttf in Resources */ = {isa = PBXBuildFile; fileRef = D68CE488F34F4A748E4244D3 /* NotoSans_Condensed-MediumItalic.ttf */; };
		168D1E745F17472CBC243F9A /* NotoSans_Condensed-Regular.ttf in Resources */ = {isa = PBXBuildFile; fileRef = 49A66818180E4887A6DD7315 /* NotoSans_Condensed-Regular.ttf */; };
		CD6FD9FE2F1A4CC8B78E0AE0 /* NotoSans_Condensed-SemiBold.ttf in Resources */ = {isa = PBXBuildFile; fileRef = 73D92EB3EE2F47C0A58CC0DA /* NotoSans_Condensed-SemiBold.ttf */; };
		6C703BAE4D9C41A796598E3C /* NotoSans_Condensed-SemiBoldItalic.ttf in Resources */ = {isa = PBXBuildFile; fileRef = A53E33168B394C8395537B46 /* NotoSans_Condensed-SemiBoldItalic.ttf */; };
		E9B6938CD2064E91A718266E /* NotoSans_Condensed-Thin.ttf in Resources */ = {isa = PBXBuildFile; fileRef = 40F90B9CA91947D6AB48E795 /* NotoSans_Condensed-Thin.ttf */; };
		AE3429C470734510BFF6F508 /* NotoSans_Condensed-ThinItalic.ttf in Resources */ = {isa = PBXBuildFile; fileRef = 6FBEE6C415224436B5D2506E /* NotoSans_Condensed-ThinItalic.ttf */; };
		8771A1AB406A420E95BDE81D /* NotoSans_ExtraCondensed-Black.ttf in Resources */ = {isa = PBXBuildFile; fileRef = 006CC50724D645DBB12E36A4 /* NotoSans_ExtraCondensed-Black.ttf */; };
		ABFAF13AF07C4BC69E407EC9 /* NotoSans_ExtraCondensed-BlackItalic.ttf in Resources */ = {isa = PBXBuildFile; fileRef = 5C5760D4AEC14338992D9842 /* NotoSans_ExtraCondensed-BlackItalic.ttf */; };
		5F1AE53A572C47FDBEA7F01C /* NotoSans_ExtraCondensed-Bold.ttf in Resources */ = {isa = PBXBuildFile; fileRef = 9691A33207464CEB9D2DB939 /* NotoSans_ExtraCondensed-Bold.ttf */; };
		948BF97C70204606BB7BB9C3 /* NotoSans_ExtraCondensed-BoldItalic.ttf in Resources */ = {isa = PBXBuildFile; fileRef = 3AE222F728DF4562A6250A6C /* NotoSans_ExtraCondensed-BoldItalic.ttf */; };
		DA828022B63D42F2B60B4F0F /* NotoSans_ExtraCondensed-ExtraBold.ttf in Resources */ = {isa = PBXBuildFile; fileRef = B62813C5DD8B4FB88FEC7119 /* NotoSans_ExtraCondensed-ExtraBold.ttf */; };
		B1C5893CD5E64ED5B1B61863 /* NotoSans_ExtraCondensed-ExtraBoldItalic.ttf in Resources */ = {isa = PBXBuildFile; fileRef = 41A4FD777BE84AAD966B96B4 /* NotoSans_ExtraCondensed-ExtraBoldItalic.ttf */; };
		9049287554A845B0A17ADECD /* NotoSans_ExtraCondensed-ExtraLight.ttf in Resources */ = {isa = PBXBuildFile; fileRef = C5D6E01DB63B4A6B8D98D6C2 /* NotoSans_ExtraCondensed-ExtraLight.ttf */; };
		B49D420D87D147EF9F4365DA /* NotoSans_ExtraCondensed-ExtraLightItalic.ttf in Resources */ = {isa = PBXBuildFile; fileRef = 5DC2C0BC2CE04C97AB0DC013 /* NotoSans_ExtraCondensed-ExtraLightItalic.ttf */; };
		0FFCB8F1F8AA4B259065576B /* NotoSans_ExtraCondensed-Italic.ttf in Resources */ = {isa = PBXBuildFile; fileRef = DA677D03990F456788637F53 /* NotoSans_ExtraCondensed-Italic.ttf */; };
		398D2D64EB4F4460A68FDBB6 /* NotoSans_ExtraCondensed-Light.ttf in Resources */ = {isa = PBXBuildFile; fileRef = 10CEFBD0878941209A3E19B7 /* NotoSans_ExtraCondensed-Light.ttf */; };
		E27203B347A94CD097F08592 /* NotoSans_ExtraCondensed-LightItalic.ttf in Resources */ = {isa = PBXBuildFile; fileRef = 09BC727C99894C7EB19EAC1F /* NotoSans_ExtraCondensed-LightItalic.ttf */; };
		87D141F2E26A4BE8BEE851FF /* NotoSans_ExtraCondensed-Medium.ttf in Resources */ = {isa = PBXBuildFile; fileRef = E3CB34C3C19F480DA37760BB /* NotoSans_ExtraCondensed-Medium.ttf */; };
		6C9C602B429A4A649E1A73EE /* NotoSans_ExtraCondensed-MediumItalic.ttf in Resources */ = {isa = PBXBuildFile; fileRef = E94F9C8EDF1E4A1CA83296F6 /* NotoSans_ExtraCondensed-MediumItalic.ttf */; };
		5B9ED3E1CD68498D854899BD /* NotoSans_ExtraCondensed-Regular.ttf in Resources */ = {isa = PBXBuildFile; fileRef = 08F6564D23784F68B2F43A16 /* NotoSans_ExtraCondensed-Regular.ttf */; };
		9F1C03AEF7F3464CA3F20976 /* NotoSans_ExtraCondensed-SemiBold.ttf in Resources */ = {isa = PBXBuildFile; fileRef = 4CDB8EBB87394A09BBBE52D5 /* NotoSans_ExtraCondensed-SemiBold.ttf */; };
		F546C44FDE8049F3A320E640 /* NotoSans_ExtraCondensed-SemiBoldItalic.ttf in Resources */ = {isa = PBXBuildFile; fileRef = DD13A6536E424D0D975E0712 /* NotoSans_ExtraCondensed-SemiBoldItalic.ttf */; };
		17E1E0074AD54E38B922CD23 /* NotoSans_ExtraCondensed-Thin.ttf in Resources */ = {isa = PBXBuildFile; fileRef = 90496402F17344E0AC4D2376 /* NotoSans_ExtraCondensed-Thin.ttf */; };
		090AE99073C846DFA5F3494A /* NotoSans_ExtraCondensed-ThinItalic.ttf in Resources */ = {isa = PBXBuildFile; fileRef = 042E4B5CF1744FD9BFCEBE18 /* NotoSans_ExtraCondensed-ThinItalic.ttf */; };
		72E18123CDD542EB83EC90D7 /* NotoSans_SemiCondensed-Black.ttf in Resources */ = {isa = PBXBuildFile; fileRef = 0D4D980CCA9C4510A7FAAC89 /* NotoSans_SemiCondensed-Black.ttf */; };
		5B2A8E10354E49ECA4A2B94B /* NotoSans_SemiCondensed-BlackItalic.ttf in Resources */ = {isa = PBXBuildFile; fileRef = A6196F36FE734FFB9C3714E1 /* NotoSans_SemiCondensed-BlackItalic.ttf */; };
		C85F5AF193324BACBCF8B7DB /* NotoSans_SemiCondensed-Bold.ttf in Resources */ = {isa = PBXBuildFile; fileRef = 4A492AB2B49A4EB08261CA9B /* NotoSans_SemiCondensed-Bold.ttf */; };
		8A798D6B17714C8F922BC810 /* NotoSans_SemiCondensed-BoldItalic.ttf in Resources */ = {isa = PBXBuildFile; fileRef = 1182CD1CDFB147B483217001 /* NotoSans_SemiCondensed-BoldItalic.ttf */; };
		EFBE12551B82409EB6908FA0 /* NotoSans_SemiCondensed-ExtraBold.ttf in Resources */ = {isa = PBXBuildFile; fileRef = 029B0EF65366418890C91235 /* NotoSans_SemiCondensed-ExtraBold.ttf */; };
		F13C5242B98045A9A7DC5842 /* NotoSans_SemiCondensed-ExtraBoldItalic.ttf in Resources */ = {isa = PBXBuildFile; fileRef = 45AE3CECBF084794B729C9B6 /* NotoSans_SemiCondensed-ExtraBoldItalic.ttf */; };
		E90FF91F00DD4D3BB412FD7C /* NotoSans_SemiCondensed-ExtraLight.ttf in Resources */ = {isa = PBXBuildFile; fileRef = E57F735772B54503AAE3E438 /* NotoSans_SemiCondensed-ExtraLight.ttf */; };
		EF4BEF4512BF4529984FD553 /* NotoSans_SemiCondensed-ExtraLightItalic.ttf in Resources */ = {isa = PBXBuildFile; fileRef = 5608A5FF92AF4303B100586C /* NotoSans_SemiCondensed-ExtraLightItalic.ttf */; };
		4AC9D98C853D47C9AA3AA4A4 /* NotoSans_SemiCondensed-Italic.ttf in Resources */ = {isa = PBXBuildFile; fileRef = F71436013E01418BBB13B180 /* NotoSans_SemiCondensed-Italic.ttf */; };
		A14442DD51C544AEBC990A44 /* NotoSans_SemiCondensed-Light.ttf in Resources */ = {isa = PBXBuildFile; fileRef = EB833B42FB084D1F9D2487EF /* NotoSans_SemiCondensed-Light.ttf */; };
		4CB8417754484AFE9E78C10F /* NotoSans_SemiCondensed-LightItalic.ttf in Resources */ = {isa = PBXBuildFile; fileRef = 7BA53034F25C4A21B3518880 /* NotoSans_SemiCondensed-LightItalic.ttf */; };
		0112C23EBC494D28A7A5B217 /* NotoSans_SemiCondensed-Medium.ttf in Resources */ = {isa = PBXBuildFile; fileRef = 8DD884A82F3647A79825ACAC /* NotoSans_SemiCondensed-Medium.ttf */; };
		E0B27B1969FA49AC9AC570DA /* NotoSans_SemiCondensed-MediumItalic.ttf in Resources */ = {isa = PBXBuildFile; fileRef = 49231254DAE347A2AFC30F92 /* NotoSans_SemiCondensed-MediumItalic.ttf */; };
		C508B5F982044CEB9C5A40EA /* NotoSans_SemiCondensed-Regular.ttf in Resources */ = {isa = PBXBuildFile; fileRef = DB73518373954CF89456F4B9 /* NotoSans_SemiCondensed-Regular.ttf */; };
		531F2FA54E24471D98E8B3D1 /* NotoSans_SemiCondensed-SemiBold.ttf in Resources */ = {isa = PBXBuildFile; fileRef = D4C90684FBF348A2B4753837 /* NotoSans_SemiCondensed-SemiBold.ttf */; };
		498572535AB54D6CAC30EE61 /* NotoSans_SemiCondensed-SemiBoldItalic.ttf in Resources */ = {isa = PBXBuildFile; fileRef = BD4A602E1CE643EBAE17424F /* NotoSans_SemiCondensed-SemiBoldItalic.ttf */; };
		13608D3CEA174A64B9471970 /* NotoSans_SemiCondensed-Thin.ttf in Resources */ = {isa = PBXBuildFile; fileRef = BF23252B4F5D45DA8F346506 /* NotoSans_SemiCondensed-Thin.ttf */; };
		678DD580521E4DB88751C077 /* NotoSans_SemiCondensed-ThinItalic.ttf in Resources */ = {isa = PBXBuildFile; fileRef = C8BF80E0BB9E4DA992B2F1DA /* NotoSans_SemiCondensed-ThinItalic.ttf */; };
/* End PBXBuildFile section */

/* Begin PBXFileReference section */
		13B07F961A680F5B00A75B9A /* Bosla.app */ = {isa = PBXFileReference; explicitFileType = wrapper.application; includeInIndex = 0; path = Bosla.app; sourceTree = BUILT_PRODUCTS_DIR; };
		13B07FB51A68108700A75B9A /* Images.xcassets */ = {isa = PBXFileReference; lastKnownFileType = folder.assetcatalog; name = Images.xcassets; path = Bosla/Images.xcassets; sourceTree = "<group>"; };
		13B07FB61A68108700A75B9A /* Info.plist */ = {isa = PBXFileReference; fileEncoding = 4; lastKnownFileType = text.plist.xml; name = Info.plist; path = Bosla/Info.plist; sourceTree = "<group>"; };
		13B07FB81A68108700A75B9A /* PrivacyInfo.xcprivacy */ = {isa = PBXFileReference; fileEncoding = 4; lastKnownFileType = text.plist.xml; name = PrivacyInfo.xcprivacy; path = Bosla/PrivacyInfo.xcprivacy; sourceTree = "<group>"; };
		3B4392A12AC88292D35C810B /* Pods-Bosla.debug.xcconfig */ = {isa = PBXFileReference; includeInIndex = 1; lastKnownFileType = text.xcconfig; name = "Pods-Bosla.debug.xcconfig"; path = "Target Support Files/Pods-Bosla/Pods-Bosla.debug.xcconfig"; sourceTree = "<group>"; };
		5709B34CF0A7D63546082F79 /* Pods-Bosla.release.xcconfig */ = {isa = PBXFileReference; includeInIndex = 1; lastKnownFileType = text.xcconfig; name = "Pods-Bosla.release.xcconfig"; path = "Target Support Files/Pods-Bosla/Pods-Bosla.release.xcconfig"; sourceTree = "<group>"; };
		5DCACB8F33CDC322A6C60F78 /* libPods-Bosla.a */ = {isa = PBXFileReference; explicitFileType = archive.ar; includeInIndex = 0; path = "libPods-Bosla.a"; sourceTree = BUILT_PRODUCTS_DIR; };
		761780EC2CA45674006654EE /* AppDelegate.swift */ = {isa = PBXFileReference; lastKnownFileType = sourcecode.swift; name = AppDelegate.swift; path = Bosla/AppDelegate.swift; sourceTree = "<group>"; };
		81AB9BB72411601600AC10FF /* LaunchScreen.storyboard */ = {isa = PBXFileReference; fileEncoding = 4; lastKnownFileType = file.storyboard; name = LaunchScreen.storyboard; path = Bosla/LaunchScreen.storyboard; sourceTree = "<group>"; };
		ED297162215061F000B7C4FE /* JavaScriptCore.framework */ = {isa = PBXFileReference; lastKnownFileType = wrapper.framework; name = JavaScriptCore.framework; path = System/Library/Frameworks/JavaScriptCore.framework; sourceTree = SDKROOT; };
		298D0316313D432B90C3DA8A /* BootSplash.storyboard */ = {isa = PBXFileReference; name = "BootSplash.storyboard"; path = "Bosla/BootSplash.storyboard"; sourceTree = "<group>"; fileEncoding = undefined; lastKnownFileType = unknown; explicitFileType = undefined; includeInIndex = 0; };
		F0FBDD88DFED47E090D76109 /* Colors.xcassets */ = {isa = PBXFileReference; name = "Colors.xcassets"; path = "Bosla/Colors.xcassets"; sourceTree = "<group>"; fileEncoding = undefined; lastKnownFileType = folder.assetcatalog; explicitFileType = undefined; includeInIndex = 0; };
		CBE225F3F96F489990A54717 /* Changa-VariableFont_wght.ttf */ = {isa = PBXFileReference; name = "Changa-VariableFont_wght.ttf"; path = "../assets/fonts/Changa-VariableFont_wght.ttf"; sourceTree = "<group>"; fileEncoding = undefined; lastKnownFileType = unknown; explicitFileType = undefined; includeInIndex = 0; };
		D582235EEB0D436AA1DA2E9A /* NotoSans-Black.ttf */ = {isa = PBXFileReference; name = "NotoSans-Black.ttf"; path = "../assets/fonts/NotoSans-Black.ttf"; sourceTree = "<group>"; fileEncoding = undefined; lastKnownFileType = unknown; explicitFileType = undefined; includeInIndex = 0; };
		1AAC8CC65681401F9DC63BD9 /* NotoSans-BlackItalic.ttf */ = {isa = PBXFileReference; name = "NotoSans-BlackItalic.ttf"; path = "../assets/fonts/NotoSans-BlackItalic.ttf"; sourceTree = "<group>"; fileEncoding = undefined; lastKnownFileType = unknown; explicitFileType = undefined; includeInIndex = 0; };
		602979B887044ACA8EEF27C1 /* NotoSans-Bold.ttf */ = {isa = PBXFileReference; name = "NotoSans-Bold.ttf"; path = "../assets/fonts/NotoSans-Bold.ttf"; sourceTree = "<group>"; fileEncoding = undefined; lastKnownFileType = unknown; explicitFileType = undefined; includeInIndex = 0; };
		31274A05C9904A2788ED11BA /* NotoSans-BoldItalic.ttf */ = {isa = PBXFileReference; name = "NotoSans-BoldItalic.ttf"; path = "../assets/fonts/NotoSans-BoldItalic.ttf"; sourceTree = "<group>"; fileEncoding = undefined; lastKnownFileType = unknown; explicitFileType = undefined; includeInIndex = 0; };
		EF65CEC34C184AB79D68C1CC /* NotoSans-ExtraBold.ttf */ = {isa = PBXFileReference; name = "NotoSans-ExtraBold.ttf"; path = "../assets/fonts/NotoSans-ExtraBold.ttf"; sourceTree = "<group>"; fileEncoding = undefined; lastKnownFileType = unknown; explicitFileType = undefined; includeInIndex = 0; };
		5910EE2C278D4ABEBEFF7313 /* NotoSans-ExtraBoldItalic.ttf */ = {isa = PBXFileReference; name = "NotoSans-ExtraBoldItalic.ttf"; path = "../assets/fonts/NotoSans-ExtraBoldItalic.ttf"; sourceTree = "<group>"; fileEncoding = undefined; lastKnownFileType = unknown; explicitFileType = undefined; includeInIndex = 0; };
		C462D40B750C4B4A9584B9C4 /* NotoSans-ExtraLight.ttf */ = {isa = PBXFileReference; name = "NotoSans-ExtraLight.ttf"; path = "../assets/fonts/NotoSans-ExtraLight.ttf"; sourceTree = "<group>"; fileEncoding = undefined; lastKnownFileType = unknown; explicitFileType = undefined; includeInIndex = 0; };
		424535DDD18847BAA273EB8E /* NotoSans-ExtraLightItalic.ttf */ = {isa = PBXFileReference; name = "NotoSans-ExtraLightItalic.ttf"; path = "../assets/fonts/NotoSans-ExtraLightItalic.ttf"; sourceTree = "<group>"; fileEncoding = undefined; lastKnownFileType = unknown; explicitFileType = undefined; includeInIndex = 0; };
		123AEB5502834528A73A775D /* NotoSans-Italic.ttf */ = {isa = PBXFileReference; name = "NotoSans-Italic.ttf"; path = "../assets/fonts/NotoSans-Italic.ttf"; sourceTree = "<group>"; fileEncoding = undefined; lastKnownFileType = unknown; explicitFileType = undefined; includeInIndex = 0; };
		90203EF0E81C43A1A8FCB4E2 /* NotoSans-Light.ttf */ = {isa = PBXFileReference; name = "NotoSans-Light.ttf"; path = "../assets/fonts/NotoSans-Light.ttf"; sourceTree = "<group>"; fileEncoding = undefined; lastKnownFileType = unknown; explicitFileType = undefined; includeInIndex = 0; };
		BDA0ECB19B0545F990E91F69 /* NotoSans-LightItalic.ttf */ = {isa = PBXFileReference; name = "NotoSans-LightItalic.ttf"; path = "../assets/fonts/NotoSans-LightItalic.ttf"; sourceTree = "<group>"; fileEncoding = undefined; lastKnownFileType = unknown; explicitFileType = undefined; includeInIndex = 0; };
		93B93BA08803466396671715 /* NotoSans-Medium.ttf */ = {isa = PBXFileReference; name = "NotoSans-Medium.ttf"; path = "../assets/fonts/NotoSans-Medium.ttf"; sourceTree = "<group>"; fileEncoding = undefined; lastKnownFileType = unknown; explicitFileType = undefined; includeInIndex = 0; };
		42D84AB014D64BC181206B8D /* NotoSans-MediumItalic.ttf */ = {isa = PBXFileReference; name = "NotoSans-MediumItalic.ttf"; path = "../assets/fonts/NotoSans-MediumItalic.ttf"; sourceTree = "<group>"; fileEncoding = undefined; lastKnownFileType = unknown; explicitFileType = undefined; includeInIndex = 0; };
		B2E641809CE043B8AF0BA621 /* NotoSans-Regular.ttf */ = {isa = PBXFileReference; name = "NotoSans-Regular.ttf"; path = "../assets/fonts/NotoSans-Regular.ttf"; sourceTree = "<group>"; fileEncoding = undefined; lastKnownFileType = unknown; explicitFileType = undefined; includeInIndex = 0; };
		DBA2D3A7329F417DAA1747BB /* NotoSans-SemiBold.ttf */ = {isa = PBXFileReference; name = "NotoSans-SemiBold.ttf"; path = "../assets/fonts/NotoSans-SemiBold.ttf"; sourceTree = "<group>"; fileEncoding = undefined; lastKnownFileType = unknown; explicitFileType = undefined; includeInIndex = 0; };
		BFF1A8F6C9234635AF2A8D5B /* NotoSans-SemiBoldItalic.ttf */ = {isa = PBXFileReference; name = "NotoSans-SemiBoldItalic.ttf"; path = "../assets/fonts/NotoSans-SemiBoldItalic.ttf"; sourceTree = "<group>"; fileEncoding = undefined; lastKnownFileType = unknown; explicitFileType = undefined; includeInIndex = 0; };
		A09180197A644EBFB1BE6788 /* NotoSans-Thin.ttf */ = {isa = PBXFileReference; name = "NotoSans-Thin.ttf"; path = "../assets/fonts/NotoSans-Thin.ttf"; sourceTree = "<group>"; fileEncoding = undefined; lastKnownFileType = unknown; explicitFileType = undefined; includeInIndex = 0; };
		7D850B45431A4EAAB35D1E9C /* NotoSans-ThinItalic.ttf */ = {isa = PBXFileReference; name = "NotoSans-ThinItalic.ttf"; path = "../assets/fonts/NotoSans-ThinItalic.ttf"; sourceTree = "<group>"; fileEncoding = undefined; lastKnownFileType = unknown; explicitFileType = undefined; includeInIndex = 0; };
		D438006B02C644CE9DA31DE8 /* NotoSansArabic-Black.ttf */ = {isa = PBXFileReference; name = "NotoSansArabic-Black.ttf"; path = "../assets/fonts/NotoSansArabic-Black.ttf"; sourceTree = "<group>"; fileEncoding = undefined; lastKnownFileType = unknown; explicitFileType = undefined; includeInIndex = 0; };
		9FEE4A8DDFC9420BB0E0A3D2 /* NotoSansArabic-Bold.ttf */ = {isa = PBXFileReference; name = "NotoSansArabic-Bold.ttf"; path = "../assets/fonts/NotoSansArabic-Bold.ttf"; sourceTree = "<group>"; fileEncoding = undefined; lastKnownFileType = unknown; explicitFileType = undefined; includeInIndex = 0; };
		FC43ABE6C8314FF887C34C1C /* NotoSansArabic-ExtraBold.ttf */ = {isa = PBXFileReference; name = "NotoSansArabic-ExtraBold.ttf"; path = "../assets/fonts/NotoSansArabic-ExtraBold.ttf"; sourceTree = "<group>"; fileEncoding = undefined; lastKnownFileType = unknown; explicitFileType = undefined; includeInIndex = 0; };
		B893084808D8440DBAD31246 /* NotoSansArabic-ExtraLight.ttf */ = {isa = PBXFileReference; name = "NotoSansArabic-ExtraLight.ttf"; path = "../assets/fonts/NotoSansArabic-ExtraLight.ttf"; sourceTree = "<group>"; fileEncoding = undefined; lastKnownFileType = unknown; explicitFileType = undefined; includeInIndex = 0; };
		8A41FBD4D16A420AA1B4A3FC /* NotoSansArabic-Light.ttf */ = {isa = PBXFileReference; name = "NotoSansArabic-Light.ttf"; path = "../assets/fonts/NotoSansArabic-Light.ttf"; sourceTree = "<group>"; fileEncoding = undefined; lastKnownFileType = unknown; explicitFileType = undefined; includeInIndex = 0; };
		6820236FE0BA44A7B7754105 /* NotoSansArabic-Medium.ttf */ = {isa = PBXFileReference; name = "NotoSansArabic-Medium.ttf"; path = "../assets/fonts/NotoSansArabic-Medium.ttf"; sourceTree = "<group>"; fileEncoding = undefined; lastKnownFileType = unknown; explicitFileType = undefined; includeInIndex = 0; };
		FAA828DC829F413593FB07B0 /* NotoSansArabic-Regular.ttf */ = {isa = PBXFileReference; name = "NotoSansArabic-Regular.ttf"; path = "../assets/fonts/NotoSansArabic-Regular.ttf"; sourceTree = "<group>"; fileEncoding = undefined; lastKnownFileType = unknown; explicitFileType = undefined; includeInIndex = 0; };
		AA0BB4F7704D4F95A0F5A3FE /* NotoSansArabic-SemiBold.ttf */ = {isa = PBXFileReference; name = "NotoSansArabic-SemiBold.ttf"; path = "../assets/fonts/NotoSansArabic-SemiBold.ttf"; sourceTree = "<group>"; fileEncoding = undefined; lastKnownFileType = unknown; explicitFileType = undefined; includeInIndex = 0; };
		D47FF4B56D4D42EEB33C9AD3 /* NotoSansArabic-Thin.ttf */ = {isa = PBXFileReference; name = "NotoSansArabic-Thin.ttf"; path = "../assets/fonts/NotoSansArabic-Thin.ttf"; sourceTree = "<group>"; fileEncoding = undefined; lastKnownFileType = unknown; explicitFileType = undefined; includeInIndex = 0; };
		3EAFBB7B188D405BA4D28F06 /* NotoSansArabic_Condensed-Black.ttf */ = {isa = PBXFileReference; name = "NotoSansArabic_Condensed-Black.ttf"; path = "../assets/fonts/NotoSansArabic_Condensed-Black.ttf"; sourceTree = "<group>"; fileEncoding = undefined; lastKnownFileType = unknown; explicitFileType = undefined; includeInIndex = 0; };
		F2186547338241D8A99DC55B /* NotoSansArabic_Condensed-Bold.ttf */ = {isa = PBXFileReference; name = "NotoSansArabic_Condensed-Bold.ttf"; path = "../assets/fonts/NotoSansArabic_Condensed-Bold.ttf"; sourceTree = "<group>"; fileEncoding = undefined; lastKnownFileType = unknown; explicitFileType = undefined; includeInIndex = 0; };
		81A07265CD4847089EA5A8F1 /* NotoSansArabic_Condensed-ExtraBold.ttf */ = {isa = PBXFileReference; name = "NotoSansArabic_Condensed-ExtraBold.ttf"; path = "../assets/fonts/NotoSansArabic_Condensed-ExtraBold.ttf"; sourceTree = "<group>"; fileEncoding = undefined; lastKnownFileType = unknown; explicitFileType = undefined; includeInIndex = 0; };
		AE0D76F5B057447F8D681709 /* NotoSansArabic_Condensed-ExtraLight.ttf */ = {isa = PBXFileReference; name = "NotoSansArabic_Condensed-ExtraLight.ttf"; path = "../assets/fonts/NotoSansArabic_Condensed-ExtraLight.ttf"; sourceTree = "<group>"; fileEncoding = undefined; lastKnownFileType = unknown; explicitFileType = undefined; includeInIndex = 0; };
		34FB88765BC54BF39DBC0CFD /* NotoSansArabic_Condensed-Light.ttf */ = {isa = PBXFileReference; name = "NotoSansArabic_Condensed-Light.ttf"; path = "../assets/fonts/NotoSansArabic_Condensed-Light.ttf"; sourceTree = "<group>"; fileEncoding = undefined; lastKnownFileType = unknown; explicitFileType = undefined; includeInIndex = 0; };
		2379C8D8271142638E534654 /* NotoSansArabic_Condensed-Medium.ttf */ = {isa = PBXFileReference; name = "NotoSansArabic_Condensed-Medium.ttf"; path = "../assets/fonts/NotoSansArabic_Condensed-Medium.ttf"; sourceTree = "<group>"; fileEncoding = undefined; lastKnownFileType = unknown; explicitFileType = undefined; includeInIndex = 0; };
		866A414D58BB45D2BC94B6F2 /* NotoSansArabic_Condensed-Regular.ttf */ = {isa = PBXFileReference; name = "NotoSansArabic_Condensed-Regular.ttf"; path = "../assets/fonts/NotoSansArabic_Condensed-Regular.ttf"; sourceTree = "<group>"; fileEncoding = undefined; lastKnownFileType = unknown; explicitFileType = undefined; includeInIndex = 0; };
		7979813B7BBC453BAD24357F /* NotoSansArabic_Condensed-SemiBold.ttf */ = {isa = PBXFileReference; name = "NotoSansArabic_Condensed-SemiBold.ttf"; path = "../assets/fonts/NotoSansArabic_Condensed-SemiBold.ttf"; sourceTree = "<group>"; fileEncoding = undefined; lastKnownFileType = unknown; explicitFileType = undefined; includeInIndex = 0; };
		85623EF019604530BE92E347 /* NotoSansArabic_Condensed-Thin.ttf */ = {isa = PBXFileReference; name = "NotoSansArabic_Condensed-Thin.ttf"; path = "../assets/fonts/NotoSansArabic_Condensed-Thin.ttf"; sourceTree = "<group>"; fileEncoding = undefined; lastKnownFileType = unknown; explicitFileType = undefined; includeInIndex = 0; };
		4D4B856E7F1543C78360018F /* NotoSansArabic_ExtraCondensed-Black.ttf */ = {isa = PBXFileReference; name = "NotoSansArabic_ExtraCondensed-Black.ttf"; path = "../assets/fonts/NotoSansArabic_ExtraCondensed-Black.ttf"; sourceTree = "<group>"; fileEncoding = undefined; lastKnownFileType = unknown; explicitFileType = undefined; includeInIndex = 0; };
		8A9F9C631418405D85E23D2F /* NotoSansArabic_ExtraCondensed-Bold.ttf */ = {isa = PBXFileReference; name = "NotoSansArabic_ExtraCondensed-Bold.ttf"; path = "../assets/fonts/NotoSansArabic_ExtraCondensed-Bold.ttf"; sourceTree = "<group>"; fileEncoding = undefined; lastKnownFileType = unknown; explicitFileType = undefined; includeInIndex = 0; };
		29D58625D1B14C818D05CF6B /* NotoSansArabic_ExtraCondensed-ExtraBold.ttf */ = {isa = PBXFileReference; name = "NotoSansArabic_ExtraCondensed-ExtraBold.ttf"; path = "../assets/fonts/NotoSansArabic_ExtraCondensed-ExtraBold.ttf"; sourceTree = "<group>"; fileEncoding = undefined; lastKnownFileType = unknown; explicitFileType = undefined; includeInIndex = 0; };
		32A9165855454951B7B0F651 /* NotoSansArabic_ExtraCondensed-ExtraLight.ttf */ = {isa = PBXFileReference; name = "NotoSansArabic_ExtraCondensed-ExtraLight.ttf"; path = "../assets/fonts/NotoSansArabic_ExtraCondensed-ExtraLight.ttf"; sourceTree = "<group>"; fileEncoding = undefined; lastKnownFileType = unknown; explicitFileType = undefined; includeInIndex = 0; };
		AB2093EA41944702A3F9BD88 /* NotoSansArabic_ExtraCondensed-Light.ttf */ = {isa = PBXFileReference; name = "NotoSansArabic_ExtraCondensed-Light.ttf"; path = "../assets/fonts/NotoSansArabic_ExtraCondensed-Light.ttf"; sourceTree = "<group>"; fileEncoding = undefined; lastKnownFileType = unknown; explicitFileType = undefined; includeInIndex = 0; };
		2EB11175261547F7A7A37324 /* NotoSansArabic_ExtraCondensed-Medium.ttf */ = {isa = PBXFileReference; name = "NotoSansArabic_ExtraCondensed-Medium.ttf"; path = "../assets/fonts/NotoSansArabic_ExtraCondensed-Medium.ttf"; sourceTree = "<group>"; fileEncoding = undefined; lastKnownFileType = unknown; explicitFileType = undefined; includeInIndex = 0; };
		90883439697241198E41FED2 /* NotoSansArabic_ExtraCondensed-Regular.ttf */ = {isa = PBXFileReference; name = "NotoSansArabic_ExtraCondensed-Regular.ttf"; path = "../assets/fonts/NotoSansArabic_ExtraCondensed-Regular.ttf"; sourceTree = "<group>"; fileEncoding = undefined; lastKnownFileType = unknown; explicitFileType = undefined; includeInIndex = 0; };
		3A359737E8854A7599FDD70D /* NotoSansArabic_ExtraCondensed-SemiBold.ttf */ = {isa = PBXFileReference; name = "NotoSansArabic_ExtraCondensed-SemiBold.ttf"; path = "../assets/fonts/NotoSansArabic_ExtraCondensed-SemiBold.ttf"; sourceTree = "<group>"; fileEncoding = undefined; lastKnownFileType = unknown; explicitFileType = undefined; includeInIndex = 0; };
		87D3A614380E4E1EA610A7BD /* NotoSansArabic_ExtraCondensed-Thin.ttf */ = {isa = PBXFileReference; name = "NotoSansArabic_ExtraCondensed-Thin.ttf"; path = "../assets/fonts/NotoSansArabic_ExtraCondensed-Thin.ttf"; sourceTree = "<group>"; fileEncoding = undefined; lastKnownFileType = unknown; explicitFileType = undefined; includeInIndex = 0; };
		6D15404321A144669BDBA239 /* NotoSansArabic_SemiCondensed-Black.ttf */ = {isa = PBXFileReference; name = "NotoSansArabic_SemiCondensed-Black.ttf"; path = "../assets/fonts/NotoSansArabic_SemiCondensed-Black.ttf"; sourceTree = "<group>"; fileEncoding = undefined; lastKnownFileType = unknown; explicitFileType = undefined; includeInIndex = 0; };
		90B270841DF346B4B855A36D /* NotoSansArabic_SemiCondensed-Bold.ttf */ = {isa = PBXFileReference; name = "NotoSansArabic_SemiCondensed-Bold.ttf"; path = "../assets/fonts/NotoSansArabic_SemiCondensed-Bold.ttf"; sourceTree = "<group>"; fileEncoding = undefined; lastKnownFileType = unknown; explicitFileType = undefined; includeInIndex = 0; };
		356507E9CAB94703B8C3EF6D /* NotoSansArabic_SemiCondensed-ExtraBold.ttf */ = {isa = PBXFileReference; name = "NotoSansArabic_SemiCondensed-ExtraBold.ttf"; path = "../assets/fonts/NotoSansArabic_SemiCondensed-ExtraBold.ttf"; sourceTree = "<group>"; fileEncoding = undefined; lastKnownFileType = unknown; explicitFileType = undefined; includeInIndex = 0; };
		FFF3D82561A744F98F7207D7 /* NotoSansArabic_SemiCondensed-ExtraLight.ttf */ = {isa = PBXFileReference; name = "NotoSansArabic_SemiCondensed-ExtraLight.ttf"; path = "../assets/fonts/NotoSansArabic_SemiCondensed-ExtraLight.ttf"; sourceTree = "<group>"; fileEncoding = undefined; lastKnownFileType = unknown; explicitFileType = undefined; includeInIndex = 0; };
		01B28E5701544EF88C2A2DA1 /* NotoSansArabic_SemiCondensed-Light.ttf */ = {isa = PBXFileReference; name = "NotoSansArabic_SemiCondensed-Light.ttf"; path = "../assets/fonts/NotoSansArabic_SemiCondensed-Light.ttf"; sourceTree = "<group>"; fileEncoding = undefined; lastKnownFileType = unknown; explicitFileType = undefined; includeInIndex = 0; };
		66C94E69913B4020B1E73A88 /* NotoSansArabic_SemiCondensed-Medium.ttf */ = {isa = PBXFileReference; name = "NotoSansArabic_SemiCondensed-Medium.ttf"; path = "../assets/fonts/NotoSansArabic_SemiCondensed-Medium.ttf"; sourceTree = "<group>"; fileEncoding = undefined; lastKnownFileType = unknown; explicitFileType = undefined; includeInIndex = 0; };
		12297C33DC0148B0B1AAF770 /* NotoSansArabic_SemiCondensed-Regular.ttf */ = {isa = PBXFileReference; name = "NotoSansArabic_SemiCondensed-Regular.ttf"; path = "../assets/fonts/NotoSansArabic_SemiCondensed-Regular.ttf"; sourceTree = "<group>"; fileEncoding = undefined; lastKnownFileType = unknown; explicitFileType = undefined; includeInIndex = 0; };
		1B60DF909B8E4E439C6DD819 /* NotoSansArabic_SemiCondensed-SemiBold.ttf */ = {isa = PBXFileReference; name = "NotoSansArabic_SemiCondensed-SemiBold.ttf"; path = "../assets/fonts/NotoSansArabic_SemiCondensed-SemiBold.ttf"; sourceTree = "<group>"; fileEncoding = undefined; lastKnownFileType = unknown; explicitFileType = undefined; includeInIndex = 0; };
		314B16B091BC419BBF3C2C85 /* NotoSansArabic_SemiCondensed-Thin.ttf */ = {isa = PBXFileReference; name = "NotoSansArabic_SemiCondensed-Thin.ttf"; path = "../assets/fonts/NotoSansArabic_SemiCondensed-Thin.ttf"; sourceTree = "<group>"; fileEncoding = undefined; lastKnownFileType = unknown; explicitFileType = undefined; includeInIndex = 0; };
		5AF203408BD34A8F84A1CB4A /* NotoSans_Condensed-Black.ttf */ = {isa = PBXFileReference; name = "NotoSans_Condensed-Black.ttf"; path = "../assets/fonts/NotoSans_Condensed-Black.ttf"; sourceTree = "<group>"; fileEncoding = undefined; lastKnownFileType = unknown; explicitFileType = undefined; includeInIndex = 0; };
		4F014102F2DE49FDB4661E5F /* NotoSans_Condensed-BlackItalic.ttf */ = {isa = PBXFileReference; name = "NotoSans_Condensed-BlackItalic.ttf"; path = "../assets/fonts/NotoSans_Condensed-BlackItalic.ttf"; sourceTree = "<group>"; fileEncoding = undefined; lastKnownFileType = unknown; explicitFileType = undefined; includeInIndex = 0; };
		F310807FA7144BD295119BF2 /* NotoSans_Condensed-Bold.ttf */ = {isa = PBXFileReference; name = "NotoSans_Condensed-Bold.ttf"; path = "../assets/fonts/NotoSans_Condensed-Bold.ttf"; sourceTree = "<group>"; fileEncoding = undefined; lastKnownFileType = unknown; explicitFileType = undefined; includeInIndex = 0; };
		5F561C2021C0490ABFACC7A8 /* NotoSans_Condensed-BoldItalic.ttf */ = {isa = PBXFileReference; name = "NotoSans_Condensed-BoldItalic.ttf"; path = "../assets/fonts/NotoSans_Condensed-BoldItalic.ttf"; sourceTree = "<group>"; fileEncoding = undefined; lastKnownFileType = unknown; explicitFileType = undefined; includeInIndex = 0; };
		3828CA2BEAC94973B9DD97CA /* NotoSans_Condensed-ExtraBold.ttf */ = {isa = PBXFileReference; name = "NotoSans_Condensed-ExtraBold.ttf"; path = "../assets/fonts/NotoSans_Condensed-ExtraBold.ttf"; sourceTree = "<group>"; fileEncoding = undefined; lastKnownFileType = unknown; explicitFileType = undefined; includeInIndex = 0; };
		CF16B560A7A848B68E0354B6 /* NotoSans_Condensed-ExtraBoldItalic.ttf */ = {isa = PBXFileReference; name = "NotoSans_Condensed-ExtraBoldItalic.ttf"; path = "../assets/fonts/NotoSans_Condensed-ExtraBoldItalic.ttf"; sourceTree = "<group>"; fileEncoding = undefined; lastKnownFileType = unknown; explicitFileType = undefined; includeInIndex = 0; };
		617898C054644D9DBE1B3E4A /* NotoSans_Condensed-ExtraLight.ttf */ = {isa = PBXFileReference; name = "NotoSans_Condensed-ExtraLight.ttf"; path = "../assets/fonts/NotoSans_Condensed-ExtraLight.ttf"; sourceTree = "<group>"; fileEncoding = undefined; lastKnownFileType = unknown; explicitFileType = undefined; includeInIndex = 0; };
		1B903B7827A2410694E44F99 /* NotoSans_Condensed-ExtraLightItalic.ttf */ = {isa = PBXFileReference; name = "NotoSans_Condensed-ExtraLightItalic.ttf"; path = "../assets/fonts/NotoSans_Condensed-ExtraLightItalic.ttf"; sourceTree = "<group>"; fileEncoding = undefined; lastKnownFileType = unknown; explicitFileType = undefined; includeInIndex = 0; };
		18947D195F1D49A9B6735A3E /* NotoSans_Condensed-Italic.ttf */ = {isa = PBXFileReference; name = "NotoSans_Condensed-Italic.ttf"; path = "../assets/fonts/NotoSans_Condensed-Italic.ttf"; sourceTree = "<group>"; fileEncoding = undefined; lastKnownFileType = unknown; explicitFileType = undefined; includeInIndex = 0; };
		CE5D9C7664DE4FA1AD893518 /* NotoSans_Condensed-Light.ttf */ = {isa = PBXFileReference; name = "NotoSans_Condensed-Light.ttf"; path = "../assets/fonts/NotoSans_Condensed-Light.ttf"; sourceTree = "<group>"; fileEncoding = undefined; lastKnownFileType = unknown; explicitFileType = undefined; includeInIndex = 0; };
		4771C37F99DC43C1BA4F78C6 /* NotoSans_Condensed-LightItalic.ttf */ = {isa = PBXFileReference; name = "NotoSans_Condensed-LightItalic.ttf"; path = "../assets/fonts/NotoSans_Condensed-LightItalic.ttf"; sourceTree = "<group>"; fileEncoding = undefined; lastKnownFileType = unknown; explicitFileType = undefined; includeInIndex = 0; };
		A2964604F05240F2A5DCAAB4 /* NotoSans_Condensed-Medium.ttf */ = {isa = PBXFileReference; name = "NotoSans_Condensed-Medium.ttf"; path = "../assets/fonts/NotoSans_Condensed-Medium.ttf"; sourceTree = "<group>"; fileEncoding = undefined; lastKnownFileType = unknown; explicitFileType = undefined; includeInIndex = 0; };
		D68CE488F34F4A748E4244D3 /* NotoSans_Condensed-MediumItalic.ttf */ = {isa = PBXFileReference; name = "NotoSans_Condensed-MediumItalic.ttf"; path = "../assets/fonts/NotoSans_Condensed-MediumItalic.ttf"; sourceTree = "<group>"; fileEncoding = undefined; lastKnownFileType = unknown; explicitFileType = undefined; includeInIndex = 0; };
		49A66818180E4887A6DD7315 /* NotoSans_Condensed-Regular.ttf */ = {isa = PBXFileReference; name = "NotoSans_Condensed-Regular.ttf"; path = "../assets/fonts/NotoSans_Condensed-Regular.ttf"; sourceTree = "<group>"; fileEncoding = undefined; lastKnownFileType = unknown; explicitFileType = undefined; includeInIndex = 0; };
		73D92EB3EE2F47C0A58CC0DA /* NotoSans_Condensed-SemiBold.ttf */ = {isa = PBXFileReference; name = "NotoSans_Condensed-SemiBold.ttf"; path = "../assets/fonts/NotoSans_Condensed-SemiBold.ttf"; sourceTree = "<group>"; fileEncoding = undefined; lastKnownFileType = unknown; explicitFileType = undefined; includeInIndex = 0; };
		A53E33168B394C8395537B46 /* NotoSans_Condensed-SemiBoldItalic.ttf */ = {isa = PBXFileReference; name = "NotoSans_Condensed-SemiBoldItalic.ttf"; path = "../assets/fonts/NotoSans_Condensed-SemiBoldItalic.ttf"; sourceTree = "<group>"; fileEncoding = undefined; lastKnownFileType = unknown; explicitFileType = undefined; includeInIndex = 0; };
		40F90B9CA91947D6AB48E795 /* NotoSans_Condensed-Thin.ttf */ = {isa = PBXFileReference; name = "NotoSans_Condensed-Thin.ttf"; path = "../assets/fonts/NotoSans_Condensed-Thin.ttf"; sourceTree = "<group>"; fileEncoding = undefined; lastKnownFileType = unknown; explicitFileType = undefined; includeInIndex = 0; };
		6FBEE6C415224436B5D2506E /* NotoSans_Condensed-ThinItalic.ttf */ = {isa = PBXFileReference; name = "NotoSans_Condensed-ThinItalic.ttf"; path = "../assets/fonts/NotoSans_Condensed-ThinItalic.ttf"; sourceTree = "<group>"; fileEncoding = undefined; lastKnownFileType = unknown; explicitFileType = undefined; includeInIndex = 0; };
		006CC50724D645DBB12E36A4 /* NotoSans_ExtraCondensed-Black.ttf */ = {isa = PBXFileReference; name = "NotoSans_ExtraCondensed-Black.ttf"; path = "../assets/fonts/NotoSans_ExtraCondensed-Black.ttf"; sourceTree = "<group>"; fileEncoding = undefined; lastKnownFileType = unknown; explicitFileType = undefined; includeInIndex = 0; };
		5C5760D4AEC14338992D9842 /* NotoSans_ExtraCondensed-BlackItalic.ttf */ = {isa = PBXFileReference; name = "NotoSans_ExtraCondensed-BlackItalic.ttf"; path = "../assets/fonts/NotoSans_ExtraCondensed-BlackItalic.ttf"; sourceTree = "<group>"; fileEncoding = undefined; lastKnownFileType = unknown; explicitFileType = undefined; includeInIndex = 0; };
		9691A33207464CEB9D2DB939 /* NotoSans_ExtraCondensed-Bold.ttf */ = {isa = PBXFileReference; name = "NotoSans_ExtraCondensed-Bold.ttf"; path = "../assets/fonts/NotoSans_ExtraCondensed-Bold.ttf"; sourceTree = "<group>"; fileEncoding = undefined; lastKnownFileType = unknown; explicitFileType = undefined; includeInIndex = 0; };
		3AE222F728DF4562A6250A6C /* NotoSans_ExtraCondensed-BoldItalic.ttf */ = {isa = PBXFileReference; name = "NotoSans_ExtraCondensed-BoldItalic.ttf"; path = "../assets/fonts/NotoSans_ExtraCondensed-BoldItalic.ttf"; sourceTree = "<group>"; fileEncoding = undefined; lastKnownFileType = unknown; explicitFileType = undefined; includeInIndex = 0; };
		B62813C5DD8B4FB88FEC7119 /* NotoSans_ExtraCondensed-ExtraBold.ttf */ = {isa = PBXFileReference; name = "NotoSans_ExtraCondensed-ExtraBold.ttf"; path = "../assets/fonts/NotoSans_ExtraCondensed-ExtraBold.ttf"; sourceTree = "<group>"; fileEncoding = undefined; lastKnownFileType = unknown; explicitFileType = undefined; includeInIndex = 0; };
		41A4FD777BE84AAD966B96B4 /* NotoSans_ExtraCondensed-ExtraBoldItalic.ttf */ = {isa = PBXFileReference; name = "NotoSans_ExtraCondensed-ExtraBoldItalic.ttf"; path = "../assets/fonts/NotoSans_ExtraCondensed-ExtraBoldItalic.ttf"; sourceTree = "<group>"; fileEncoding = undefined; lastKnownFileType = unknown; explicitFileType = undefined; includeInIndex = 0; };
		C5D6E01DB63B4A6B8D98D6C2 /* NotoSans_ExtraCondensed-ExtraLight.ttf */ = {isa = PBXFileReference; name = "NotoSans_ExtraCondensed-ExtraLight.ttf"; path = "../assets/fonts/NotoSans_ExtraCondensed-ExtraLight.ttf"; sourceTree = "<group>"; fileEncoding = undefined; lastKnownFileType = unknown; explicitFileType = undefined; includeInIndex = 0; };
		5DC2C0BC2CE04C97AB0DC013 /* NotoSans_ExtraCondensed-ExtraLightItalic.ttf */ = {isa = PBXFileReference; name = "NotoSans_ExtraCondensed-ExtraLightItalic.ttf"; path = "../assets/fonts/NotoSans_ExtraCondensed-ExtraLightItalic.ttf"; sourceTree = "<group>"; fileEncoding = undefined; lastKnownFileType = unknown; explicitFileType = undefined; includeInIndex = 0; };
		DA677D03990F456788637F53 /* NotoSans_ExtraCondensed-Italic.ttf */ = {isa = PBXFileReference; name = "NotoSans_ExtraCondensed-Italic.ttf"; path = "../assets/fonts/NotoSans_ExtraCondensed-Italic.ttf"; sourceTree = "<group>"; fileEncoding = undefined; lastKnownFileType = unknown; explicitFileType = undefined; includeInIndex = 0; };
		10CEFBD0878941209A3E19B7 /* NotoSans_ExtraCondensed-Light.ttf */ = {isa = PBXFileReference; name = "NotoSans_ExtraCondensed-Light.ttf"; path = "../assets/fonts/NotoSans_ExtraCondensed-Light.ttf"; sourceTree = "<group>"; fileEncoding = undefined; lastKnownFileType = unknown; explicitFileType = undefined; includeInIndex = 0; };
		09BC727C99894C7EB19EAC1F /* NotoSans_ExtraCondensed-LightItalic.ttf */ = {isa = PBXFileReference; name = "NotoSans_ExtraCondensed-LightItalic.ttf"; path = "../assets/fonts/NotoSans_ExtraCondensed-LightItalic.ttf"; sourceTree = "<group>"; fileEncoding = undefined; lastKnownFileType = unknown; explicitFileType = undefined; includeInIndex = 0; };
		E3CB34C3C19F480DA37760BB /* NotoSans_ExtraCondensed-Medium.ttf */ = {isa = PBXFileReference; name = "NotoSans_ExtraCondensed-Medium.ttf"; path = "../assets/fonts/NotoSans_ExtraCondensed-Medium.ttf"; sourceTree = "<group>"; fileEncoding = undefined; lastKnownFileType = unknown; explicitFileType = undefined; includeInIndex = 0; };
		E94F9C8EDF1E4A1CA83296F6 /* NotoSans_ExtraCondensed-MediumItalic.ttf */ = {isa = PBXFileReference; name = "NotoSans_ExtraCondensed-MediumItalic.ttf"; path = "../assets/fonts/NotoSans_ExtraCondensed-MediumItalic.ttf"; sourceTree = "<group>"; fileEncoding = undefined; lastKnownFileType = unknown; explicitFileType = undefined; includeInIndex = 0; };
		08F6564D23784F68B2F43A16 /* NotoSans_ExtraCondensed-Regular.ttf */ = {isa = PBXFileReference; name = "NotoSans_ExtraCondensed-Regular.ttf"; path = "../assets/fonts/NotoSans_ExtraCondensed-Regular.ttf"; sourceTree = "<group>"; fileEncoding = undefined; lastKnownFileType = unknown; explicitFileType = undefined; includeInIndex = 0; };
		4CDB8EBB87394A09BBBE52D5 /* NotoSans_ExtraCondensed-SemiBold.ttf */ = {isa = PBXFileReference; name = "NotoSans_ExtraCondensed-SemiBold.ttf"; path = "../assets/fonts/NotoSans_ExtraCondensed-SemiBold.ttf"; sourceTree = "<group>"; fileEncoding = undefined; lastKnownFileType = unknown; explicitFileType = undefined; includeInIndex = 0; };
		DD13A6536E424D0D975E0712 /* NotoSans_ExtraCondensed-SemiBoldItalic.ttf */ = {isa = PBXFileReference; name = "NotoSans_ExtraCondensed-SemiBoldItalic.ttf"; path = "../assets/fonts/NotoSans_ExtraCondensed-SemiBoldItalic.ttf"; sourceTree = "<group>"; fileEncoding = undefined; lastKnownFileType = unknown; explicitFileType = undefined; includeInIndex = 0; };
		90496402F17344E0AC4D2376 /* NotoSans_ExtraCondensed-Thin.ttf */ = {isa = PBXFileReference; name = "NotoSans_ExtraCondensed-Thin.ttf"; path = "../assets/fonts/NotoSans_ExtraCondensed-Thin.ttf"; sourceTree = "<group>"; fileEncoding = undefined; lastKnownFileType = unknown; explicitFileType = undefined; includeInIndex = 0; };
		042E4B5CF1744FD9BFCEBE18 /* NotoSans_ExtraCondensed-ThinItalic.ttf */ = {isa = PBXFileReference; name = "NotoSans_ExtraCondensed-ThinItalic.ttf"; path = "../assets/fonts/NotoSans_ExtraCondensed-ThinItalic.ttf"; sourceTree = "<group>"; fileEncoding = undefined; lastKnownFileType = unknown; explicitFileType = undefined; includeInIndex = 0; };
		0D4D980CCA9C4510A7FAAC89 /* NotoSans_SemiCondensed-Black.ttf */ = {isa = PBXFileReference; name = "NotoSans_SemiCondensed-Black.ttf"; path = "../assets/fonts/NotoSans_SemiCondensed-Black.ttf"; sourceTree = "<group>"; fileEncoding = undefined; lastKnownFileType = unknown; explicitFileType = undefined; includeInIndex = 0; };
		A6196F36FE734FFB9C3714E1 /* NotoSans_SemiCondensed-BlackItalic.ttf */ = {isa = PBXFileReference; name = "NotoSans_SemiCondensed-BlackItalic.ttf"; path = "../assets/fonts/NotoSans_SemiCondensed-BlackItalic.ttf"; sourceTree = "<group>"; fileEncoding = undefined; lastKnownFileType = unknown; explicitFileType = undefined; includeInIndex = 0; };
		4A492AB2B49A4EB08261CA9B /* NotoSans_SemiCondensed-Bold.ttf */ = {isa = PBXFileReference; name = "NotoSans_SemiCondensed-Bold.ttf"; path = "../assets/fonts/NotoSans_SemiCondensed-Bold.ttf"; sourceTree = "<group>"; fileEncoding = undefined; lastKnownFileType = unknown; explicitFileType = undefined; includeInIndex = 0; };
		1182CD1CDFB147B483217001 /* NotoSans_SemiCondensed-BoldItalic.ttf */ = {isa = PBXFileReference; name = "NotoSans_SemiCondensed-BoldItalic.ttf"; path = "../assets/fonts/NotoSans_SemiCondensed-BoldItalic.ttf"; sourceTree = "<group>"; fileEncoding = undefined; lastKnownFileType = unknown; explicitFileType = undefined; includeInIndex = 0; };
		029B0EF65366418890C91235 /* NotoSans_SemiCondensed-ExtraBold.ttf */ = {isa = PBXFileReference; name = "NotoSans_SemiCondensed-ExtraBold.ttf"; path = "../assets/fonts/NotoSans_SemiCondensed-ExtraBold.ttf"; sourceTree = "<group>"; fileEncoding = undefined; lastKnownFileType = unknown; explicitFileType = undefined; includeInIndex = 0; };
		45AE3CECBF084794B729C9B6 /* NotoSans_SemiCondensed-ExtraBoldItalic.ttf */ = {isa = PBXFileReference; name = "NotoSans_SemiCondensed-ExtraBoldItalic.ttf"; path = "../assets/fonts/NotoSans_SemiCondensed-ExtraBoldItalic.ttf"; sourceTree = "<group>"; fileEncoding = undefined; lastKnownFileType = unknown; explicitFileType = undefined; includeInIndex = 0; };
		E57F735772B54503AAE3E438 /* NotoSans_SemiCondensed-ExtraLight.ttf */ = {isa = PBXFileReference; name = "NotoSans_SemiCondensed-ExtraLight.ttf"; path = "../assets/fonts/NotoSans_SemiCondensed-ExtraLight.ttf"; sourceTree = "<group>"; fileEncoding = undefined; lastKnownFileType = unknown; explicitFileType = undefined; includeInIndex = 0; };
		5608A5FF92AF4303B100586C /* NotoSans_SemiCondensed-ExtraLightItalic.ttf */ = {isa = PBXFileReference; name = "NotoSans_SemiCondensed-ExtraLightItalic.ttf"; path = "../assets/fonts/NotoSans_SemiCondensed-ExtraLightItalic.ttf"; sourceTree = "<group>"; fileEncoding = undefined; lastKnownFileType = unknown; explicitFileType = undefined; includeInIndex = 0; };
		F71436013E01418BBB13B180 /* NotoSans_SemiCondensed-Italic.ttf */ = {isa = PBXFileReference; name = "NotoSans_SemiCondensed-Italic.ttf"; path = "../assets/fonts/NotoSans_SemiCondensed-Italic.ttf"; sourceTree = "<group>"; fileEncoding = undefined; lastKnownFileType = unknown; explicitFileType = undefined; includeInIndex = 0; };
		EB833B42FB084D1F9D2487EF /* NotoSans_SemiCondensed-Light.ttf */ = {isa = PBXFileReference; name = "NotoSans_SemiCondensed-Light.ttf"; path = "../assets/fonts/NotoSans_SemiCondensed-Light.ttf"; sourceTree = "<group>"; fileEncoding = undefined; lastKnownFileType = unknown; explicitFileType = undefined; includeInIndex = 0; };
		7BA53034F25C4A21B3518880 /* NotoSans_SemiCondensed-LightItalic.ttf */ = {isa = PBXFileReference; name = "NotoSans_SemiCondensed-LightItalic.ttf"; path = "../assets/fonts/NotoSans_SemiCondensed-LightItalic.ttf"; sourceTree = "<group>"; fileEncoding = undefined; lastKnownFileType = unknown; explicitFileType = undefined; includeInIndex = 0; };
		8DD884A82F3647A79825ACAC /* NotoSans_SemiCondensed-Medium.ttf */ = {isa = PBXFileReference; name = "NotoSans_SemiCondensed-Medium.ttf"; path = "../assets/fonts/NotoSans_SemiCondensed-Medium.ttf"; sourceTree = "<group>"; fileEncoding = undefined; lastKnownFileType = unknown; explicitFileType = undefined; includeInIndex = 0; };
		49231254DAE347A2AFC30F92 /* NotoSans_SemiCondensed-MediumItalic.ttf */ = {isa = PBXFileReference; name = "NotoSans_SemiCondensed-MediumItalic.ttf"; path = "../assets/fonts/NotoSans_SemiCondensed-MediumItalic.ttf"; sourceTree = "<group>"; fileEncoding = undefined; lastKnownFileType = unknown; explicitFileType = undefined; includeInIndex = 0; };
		DB73518373954CF89456F4B9 /* NotoSans_SemiCondensed-Regular.ttf */ = {isa = PBXFileReference; name = "NotoSans_SemiCondensed-Regular.ttf"; path = "../assets/fonts/NotoSans_SemiCondensed-Regular.ttf"; sourceTree = "<group>"; fileEncoding = undefined; lastKnownFileType = unknown; explicitFileType = undefined; includeInIndex = 0; };
		D4C90684FBF348A2B4753837 /* NotoSans_SemiCondensed-SemiBold.ttf */ = {isa = PBXFileReference; name = "NotoSans_SemiCondensed-SemiBold.ttf"; path = "../assets/fonts/NotoSans_SemiCondensed-SemiBold.ttf"; sourceTree = "<group>"; fileEncoding = undefined; lastKnownFileType = unknown; explicitFileType = undefined; includeInIndex = 0; };
		BD4A602E1CE643EBAE17424F /* NotoSans_SemiCondensed-SemiBoldItalic.ttf */ = {isa = PBXFileReference; name = "NotoSans_SemiCondensed-SemiBoldItalic.ttf"; path = "../assets/fonts/NotoSans_SemiCondensed-SemiBoldItalic.ttf"; sourceTree = "<group>"; fileEncoding = undefined; lastKnownFileType = unknown; explicitFileType = undefined; includeInIndex = 0; };
		BF23252B4F5D45DA8F346506 /* NotoSans_SemiCondensed-Thin.ttf */ = {isa = PBXFileReference; name = "NotoSans_SemiCondensed-Thin.ttf"; path = "../assets/fonts/NotoSans_SemiCondensed-Thin.ttf"; sourceTree = "<group>"; fileEncoding = undefined; lastKnownFileType = unknown; explicitFileType = undefined; includeInIndex = 0; };
		C8BF80E0BB9E4DA992B2F1DA /* NotoSans_SemiCondensed-ThinItalic.ttf */ = {isa = PBXFileReference; name = "NotoSans_SemiCondensed-ThinItalic.ttf"; path = "../assets/fonts/NotoSans_SemiCondensed-ThinItalic.ttf"; sourceTree = "<group>"; fileEncoding = undefined; lastKnownFileType = unknown; explicitFileType = undefined; includeInIndex = 0; };
/* End PBXFileReference section */

/* Begin PBXFrameworksBuildPhase section */
		13B07F8C1A680F5B00A75B9A /* Frameworks */ = {
			isa = PBXFrameworksBuildPhase;
			buildActionMask = 2147483647;
			files = (
				0C80B921A6F3F58F76C31292 /* libPods-Bosla.a in Frameworks */,
			);
			runOnlyForDeploymentPostprocessing = 0;
		};
/* End PBXFrameworksBuildPhase section */

/* Begin PBXGroup section */
		13B07FAE1A68108700A75B9A /* Bosla */ = {
			isa = PBXGroup;
			children = (
				13B07FB51A68108700A75B9A /* Images.xcassets */,
				761780EC2CA45674006654EE /* AppDelegate.swift */,
				13B07FB61A68108700A75B9A /* Info.plist */,
				81AB9BB72411601600AC10FF /* LaunchScreen.storyboard */,
				13B07FB81A68108700A75B9A /* PrivacyInfo.xcprivacy */,
				298D0316313D432B90C3DA8A /* BootSplash.storyboard */,
				F0FBDD88DFED47E090D76109 /* Colors.xcassets */,
			);
			name = Bosla;
			sourceTree = "<group>";
		};
		2D16E6871FA4F8E400B85C8A /* Frameworks */ = {
			isa = PBXGroup;
			children = (
				ED297162215061F000B7C4FE /* JavaScriptCore.framework */,
				5DCACB8F33CDC322A6C60F78 /* libPods-Bosla.a */,
			);
			name = Frameworks;
			sourceTree = "<group>";
		};
		832341AE1AAA6A7D00B99B32 /* Libraries */ = {
			isa = PBXGroup;
			children = (
			);
			name = Libraries;
			sourceTree = "<group>";
		};
		83CBB9F61A601CBA00E9B192 = {
			isa = PBXGroup;
			children = (
				13B07FAE1A68108700A75B9A /* Bosla */,
				832341AE1AAA6A7D00B99B32 /* Libraries */,
				83CBBA001A601CBA00E9B192 /* Products */,
				2D16E6871FA4F8E400B85C8A /* Frameworks */,
				BBD78D7AC51CEA395F1C20DB /* Pods */,
				C657B55206E34726B4FAAD20 /* Resources */,
			);
			indentWidth = 2;
			sourceTree = "<group>";
			tabWidth = 2;
			usesTabs = 0;
		};
		83CBBA001A601CBA00E9B192 /* Products */ = {
			isa = PBXGroup;
			children = (
				13B07F961A680F5B00A75B9A /* Bosla.app */,
			);
			name = Products;
			sourceTree = "<group>";
		};
		BBD78D7AC51CEA395F1C20DB /* Pods */ = {
			isa = PBXGroup;
			children = (
				3B4392A12AC88292D35C810B /* Pods-Bosla.debug.xcconfig */,
				5709B34CF0A7D63546082F79 /* Pods-Bosla.release.xcconfig */,
			);
			path = Pods;
			sourceTree = "<group>";
		};
		C657B55206E34726B4FAAD20 /* Resources */ = {
			isa = "PBXGroup";
			children = (
				CBE225F3F96F489990A54717 /* Changa-VariableFont_wght.ttf */,
				D582235EEB0D436AA1DA2E9A /* NotoSans-Black.ttf */,
				1AAC8CC65681401F9DC63BD9 /* NotoSans-BlackItalic.ttf */,
				602979B887044ACA8EEF27C1 /* NotoSans-Bold.ttf */,
				31274A05C9904A2788ED11BA /* NotoSans-BoldItalic.ttf */,
				EF65CEC34C184AB79D68C1CC /* NotoSans-ExtraBold.ttf */,
				5910EE2C278D4ABEBEFF7313 /* NotoSans-ExtraBoldItalic.ttf */,
				C462D40B750C4B4A9584B9C4 /* NotoSans-ExtraLight.ttf */,
				424535DDD18847BAA273EB8E /* NotoSans-ExtraLightItalic.ttf */,
				123AEB5502834528A73A775D /* NotoSans-Italic.ttf */,
				90203EF0E81C43A1A8FCB4E2 /* NotoSans-Light.ttf */,
				BDA0ECB19B0545F990E91F69 /* NotoSans-LightItalic.ttf */,
				93B93BA08803466396671715 /* NotoSans-Medium.ttf */,
				42D84AB014D64BC181206B8D /* NotoSans-MediumItalic.ttf */,
				B2E641809CE043B8AF0BA621 /* NotoSans-Regular.ttf */,
				DBA2D3A7329F417DAA1747BB /* NotoSans-SemiBold.ttf */,
				BFF1A8F6C9234635AF2A8D5B /* NotoSans-SemiBoldItalic.ttf */,
				A09180197A644EBFB1BE6788 /* NotoSans-Thin.ttf */,
				7D850B45431A4EAAB35D1E9C /* NotoSans-ThinItalic.ttf */,
				D438006B02C644CE9DA31DE8 /* NotoSansArabic-Black.ttf */,
				9FEE4A8DDFC9420BB0E0A3D2 /* NotoSansArabic-Bold.ttf */,
				FC43ABE6C8314FF887C34C1C /* NotoSansArabic-ExtraBold.ttf */,
				B893084808D8440DBAD31246 /* NotoSansArabic-ExtraLight.ttf */,
				8A41FBD4D16A420AA1B4A3FC /* NotoSansArabic-Light.ttf */,
				6820236FE0BA44A7B7754105 /* NotoSansArabic-Medium.ttf */,
				FAA828DC829F413593FB07B0 /* NotoSansArabic-Regular.ttf */,
				AA0BB4F7704D4F95A0F5A3FE /* NotoSansArabic-SemiBold.ttf */,
				D47FF4B56D4D42EEB33C9AD3 /* NotoSansArabic-Thin.ttf */,
				3EAFBB7B188D405BA4D28F06 /* NotoSansArabic_Condensed-Black.ttf */,
				F2186547338241D8A99DC55B /* NotoSansArabic_Condensed-Bold.ttf */,
				81A07265CD4847089EA5A8F1 /* NotoSansArabic_Condensed-ExtraBold.ttf */,
				AE0D76F5B057447F8D681709 /* NotoSansArabic_Condensed-ExtraLight.ttf */,
				34FB88765BC54BF39DBC0CFD /* NotoSansArabic_Condensed-Light.ttf */,
				2379C8D8271142638E534654 /* NotoSansArabic_Condensed-Medium.ttf */,
				866A414D58BB45D2BC94B6F2 /* NotoSansArabic_Condensed-Regular.ttf */,
				7979813B7BBC453BAD24357F /* NotoSansArabic_Condensed-SemiBold.ttf */,
				85623EF019604530BE92E347 /* NotoSansArabic_Condensed-Thin.ttf */,
				4D4B856E7F1543C78360018F /* NotoSansArabic_ExtraCondensed-Black.ttf */,
				8A9F9C631418405D85E23D2F /* NotoSansArabic_ExtraCondensed-Bold.ttf */,
				29D58625D1B14C818D05CF6B /* NotoSansArabic_ExtraCondensed-ExtraBold.ttf */,
				32A9165855454951B7B0F651 /* NotoSansArabic_ExtraCondensed-ExtraLight.ttf */,
				AB2093EA41944702A3F9BD88 /* NotoSansArabic_ExtraCondensed-Light.ttf */,
				2EB11175261547F7A7A37324 /* NotoSansArabic_ExtraCondensed-Medium.ttf */,
				90883439697241198E41FED2 /* NotoSansArabic_ExtraCondensed-Regular.ttf */,
				3A359737E8854A7599FDD70D /* NotoSansArabic_ExtraCondensed-SemiBold.ttf */,
				87D3A614380E4E1EA610A7BD /* NotoSansArabic_ExtraCondensed-Thin.ttf */,
				6D15404321A144669BDBA239 /* NotoSansArabic_SemiCondensed-Black.ttf */,
				90B270841DF346B4B855A36D /* NotoSansArabic_SemiCondensed-Bold.ttf */,
				356507E9CAB94703B8C3EF6D /* NotoSansArabic_SemiCondensed-ExtraBold.ttf */,
				FFF3D82561A744F98F7207D7 /* NotoSansArabic_SemiCondensed-ExtraLight.ttf */,
				01B28E5701544EF88C2A2DA1 /* NotoSansArabic_SemiCondensed-Light.ttf */,
				66C94E69913B4020B1E73A88 /* NotoSansArabic_SemiCondensed-Medium.ttf */,
				12297C33DC0148B0B1AAF770 /* NotoSansArabic_SemiCondensed-Regular.ttf */,
				1B60DF909B8E4E439C6DD819 /* NotoSansArabic_SemiCondensed-SemiBold.ttf */,
				314B16B091BC419BBF3C2C85 /* NotoSansArabic_SemiCondensed-Thin.ttf */,
				5AF203408BD34A8F84A1CB4A /* NotoSans_Condensed-Black.ttf */,
				4F014102F2DE49FDB4661E5F /* NotoSans_Condensed-BlackItalic.ttf */,
				F310807FA7144BD295119BF2 /* NotoSans_Condensed-Bold.ttf */,
				5F561C2021C0490ABFACC7A8 /* NotoSans_Condensed-BoldItalic.ttf */,
				3828CA2BEAC94973B9DD97CA /* NotoSans_Condensed-ExtraBold.ttf */,
				CF16B560A7A848B68E0354B6 /* NotoSans_Condensed-ExtraBoldItalic.ttf */,
				617898C054644D9DBE1B3E4A /* NotoSans_Condensed-ExtraLight.ttf */,
				1B903B7827A2410694E44F99 /* NotoSans_Condensed-ExtraLightItalic.ttf */,
				18947D195F1D49A9B6735A3E /* NotoSans_Condensed-Italic.ttf */,
				CE5D9C7664DE4FA1AD893518 /* NotoSans_Condensed-Light.ttf */,
				4771C37F99DC43C1BA4F78C6 /* NotoSans_Condensed-LightItalic.ttf */,
				A2964604F05240F2A5DCAAB4 /* NotoSans_Condensed-Medium.ttf */,
				D68CE488F34F4A748E4244D3 /* NotoSans_Condensed-MediumItalic.ttf */,
				49A66818180E4887A6DD7315 /* NotoSans_Condensed-Regular.ttf */,
				73D92EB3EE2F47C0A58CC0DA /* NotoSans_Condensed-SemiBold.ttf */,
				A53E33168B394C8395537B46 /* NotoSans_Condensed-SemiBoldItalic.ttf */,
				40F90B9CA91947D6AB48E795 /* NotoSans_Condensed-Thin.ttf */,
				6FBEE6C415224436B5D2506E /* NotoSans_Condensed-ThinItalic.ttf */,
				006CC50724D645DBB12E36A4 /* NotoSans_ExtraCondensed-Black.ttf */,
				5C5760D4AEC14338992D9842 /* NotoSans_ExtraCondensed-BlackItalic.ttf */,
				9691A33207464CEB9D2DB939 /* NotoSans_ExtraCondensed-Bold.ttf */,
				3AE222F728DF4562A6250A6C /* NotoSans_ExtraCondensed-BoldItalic.ttf */,
				B62813C5DD8B4FB88FEC7119 /* NotoSans_ExtraCondensed-ExtraBold.ttf */,
				41A4FD777BE84AAD966B96B4 /* NotoSans_ExtraCondensed-ExtraBoldItalic.ttf */,
				C5D6E01DB63B4A6B8D98D6C2 /* NotoSans_ExtraCondensed-ExtraLight.ttf */,
				5DC2C0BC2CE04C97AB0DC013 /* NotoSans_ExtraCondensed-ExtraLightItalic.ttf */,
				DA677D03990F456788637F53 /* NotoSans_ExtraCondensed-Italic.ttf */,
				10CEFBD0878941209A3E19B7 /* NotoSans_ExtraCondensed-Light.ttf */,
				09BC727C99894C7EB19EAC1F /* NotoSans_ExtraCondensed-LightItalic.ttf */,
				E3CB34C3C19F480DA37760BB /* NotoSans_ExtraCondensed-Medium.ttf */,
				E94F9C8EDF1E4A1CA83296F6 /* NotoSans_ExtraCondensed-MediumItalic.ttf */,
				08F6564D23784F68B2F43A16 /* NotoSans_ExtraCondensed-Regular.ttf */,
				4CDB8EBB87394A09BBBE52D5 /* NotoSans_ExtraCondensed-SemiBold.ttf */,
				DD13A6536E424D0D975E0712 /* NotoSans_ExtraCondensed-SemiBoldItalic.ttf */,
				90496402F17344E0AC4D2376 /* NotoSans_ExtraCondensed-Thin.ttf */,
				042E4B5CF1744FD9BFCEBE18 /* NotoSans_ExtraCondensed-ThinItalic.ttf */,
				0D4D980CCA9C4510A7FAAC89 /* NotoSans_SemiCondensed-Black.ttf */,
				A6196F36FE734FFB9C3714E1 /* NotoSans_SemiCondensed-BlackItalic.ttf */,
				4A492AB2B49A4EB08261CA9B /* NotoSans_SemiCondensed-Bold.ttf */,
				1182CD1CDFB147B483217001 /* NotoSans_SemiCondensed-BoldItalic.ttf */,
				029B0EF65366418890C91235 /* NotoSans_SemiCondensed-ExtraBold.ttf */,
				45AE3CECBF084794B729C9B6 /* NotoSans_SemiCondensed-ExtraBoldItalic.ttf */,
				E57F735772B54503AAE3E438 /* NotoSans_SemiCondensed-ExtraLight.ttf */,
				5608A5FF92AF4303B100586C /* NotoSans_SemiCondensed-ExtraLightItalic.ttf */,
				F71436013E01418BBB13B180 /* NotoSans_SemiCondensed-Italic.ttf */,
				EB833B42FB084D1F9D2487EF /* NotoSans_SemiCondensed-Light.ttf */,
				7BA53034F25C4A21B3518880 /* NotoSans_SemiCondensed-LightItalic.ttf */,
				8DD884A82F3647A79825ACAC /* NotoSans_SemiCondensed-Medium.ttf */,
				49231254DAE347A2AFC30F92 /* NotoSans_SemiCondensed-MediumItalic.ttf */,
				DB73518373954CF89456F4B9 /* NotoSans_SemiCondensed-Regular.ttf */,
				D4C90684FBF348A2B4753837 /* NotoSans_SemiCondensed-SemiBold.ttf */,
				BD4A602E1CE643EBAE17424F /* NotoSans_SemiCondensed-SemiBoldItalic.ttf */,
				BF23252B4F5D45DA8F346506 /* NotoSans_SemiCondensed-Thin.ttf */,
				C8BF80E0BB9E4DA992B2F1DA /* NotoSans_SemiCondensed-ThinItalic.ttf */,
			);
			name = Resources;
			sourceTree = "<group>";
			path = "";
		};
/* End PBXGroup section */

/* Begin PBXNativeTarget section */
		13B07F861A680F5B00A75B9A /* Bosla */ = {
			isa = PBXNativeTarget;
			buildConfigurationList = 13B07F931A680F5B00A75B9A /* Build configuration list for PBXNativeTarget "Bosla" */;
			buildPhases = (
				C38B50BA6285516D6DCD4F65 /* [CP] Check Pods Manifest.lock */,
				13B07F871A680F5B00A75B9A /* Sources */,
				13B07F8C1A680F5B00A75B9A /* Frameworks */,
				13B07F8E1A680F5B00A75B9A /* Resources */,
				00DD1BFF1BD5951E006B06BC /* Bundle React Native code and images */,
				00EEFC60759A1932668264C0 /* [CP] Embed Pods Frameworks */,
				E235C05ADACE081382539298 /* [CP] Copy Pods Resources */,
			);
			buildRules = (
			);
			dependencies = (
			);
			name = Bosla;
			productName = Bosla;
			productReference = 13B07F961A680F5B00A75B9A /* Bosla.app */;
			productType = "com.apple.product-type.application";
		};
/* End PBXNativeTarget section */

/* Begin PBXProject section */
		83CBB9F71A601CBA00E9B192 /* Project object */ = {
			isa = PBXProject;
			attributes = {
				LastUpgradeCheck = 1210;
				TargetAttributes = {
					13B07F861A680F5B00A75B9A = {
						LastSwiftMigration = 1120;
					};
				};
			};
			buildConfigurationList = 83CBB9FA1A601CBA00E9B192 /* Build configuration list for PBXProject "Bosla" */;
			compatibilityVersion = "Xcode 12.0";
			developmentRegion = en;
			hasScannedForEncodings = 0;
			knownRegions = (
				en,
				Base,
			);
			mainGroup = 83CBB9F61A601CBA00E9B192;
			productRefGroup = 83CBBA001A601CBA00E9B192 /* Products */;
			projectDirPath = "";
			projectRoot = "";
			targets = (
				13B07F861A680F5B00A75B9A /* Bosla */,
			);
		};
/* End PBXProject section */

/* Begin PBXResourcesBuildPhase section */
		13B07F8E1A680F5B00A75B9A /* Resources */ = {
			isa = PBXResourcesBuildPhase;
			buildActionMask = 2147483647;
			files = (
				81AB9BB82411601600AC10FF /* LaunchScreen.storyboard in Resources */,
				13B07FBF1A68108700A75B9A /* Images.xcassets in Resources */,
				43E109C051214DE49A4B0ADB /* BootSplash.storyboard in Resources */,
				75532C1BC09544FC953BF72D /* Colors.xcassets in Resources */,
				547C21E3F904440CB2941712 /* Changa-VariableFont_wght.ttf in Resources */,
				815A57D0B6774CE882A50B6B /* NotoSans-Black.ttf in Resources */,
				E8B023E686794B38BE714CAB /* NotoSans-BlackItalic.ttf in Resources */,
				F0D32505E92249FAA1E1E527 /* NotoSans-Bold.ttf in Resources */,
				6E90DBA037604D68B995899B /* NotoSans-BoldItalic.ttf in Resources */,
				A01AE63B9E944D4D9075B439 /* NotoSans-ExtraBold.ttf in Resources */,
				5B0FED6B7424495592F8E2F5 /* NotoSans-ExtraBoldItalic.ttf in Resources */,
				E1B7422C62DF477DBFD2F653 /* NotoSans-ExtraLight.ttf in Resources */,
				B6C4AAFF6D9349968D41D947 /* NotoSans-ExtraLightItalic.ttf in Resources */,
				E132060448914BB59C454C3F /* NotoSans-Italic.ttf in Resources */,
				985EC22C3D9D47B1AD1F47C9 /* NotoSans-Light.ttf in Resources */,
				AC4FBFD344744CEDB81F5E89 /* NotoSans-LightItalic.ttf in Resources */,
				DA65878D551A4A3B8C393B2D /* NotoSans-Medium.ttf in Resources */,
				23F775E4D39D480F8361E13B /* NotoSans-MediumItalic.ttf in Resources */,
				B055506E42B747B6A67DDDD6 /* NotoSans-Regular.ttf in Resources */,
				A10E46C22FAD424FBFA07A16 /* NotoSans-SemiBold.ttf in Resources */,
				DA88B8FEC99C40BA95456242 /* NotoSans-SemiBoldItalic.ttf in Resources */,
				A583B0849A294A7492397F78 /* NotoSans-Thin.ttf in Resources */,
				F2A6D43BE81C45DF8EDFD03C /* NotoSans-ThinItalic.ttf in Resources */,
				97CD407C031144E6999FBCBA /* NotoSansArabic-Black.ttf in Resources */,
				DF8AFA81A3444896929F0E30 /* NotoSansArabic-Bold.ttf in Resources */,
				662AD4A23BE94DC98EDB16CE /* NotoSansArabic-ExtraBold.ttf in Resources */,
				7B6C6656C0C94FB195C755E2 /* NotoSansArabic-ExtraLight.ttf in Resources */,
				D18278F6025D448280BFFD25 /* NotoSansArabic-Light.ttf in Resources */,
				BA2C76B81F624C539D9CA5A6 /* NotoSansArabic-Medium.ttf in Resources */,
				BBB20C8DC1CB489D847BA83C /* NotoSansArabic-Regular.ttf in Resources */,
				4E1BBF141DAD4A86979E9C23 /* NotoSansArabic-SemiBold.ttf in Resources */,
				7731C2DBB8B542ED898D1F41 /* NotoSansArabic-Thin.ttf in Resources */,
				8A2C782A7ACE4F8EAA089449 /* NotoSansArabic_Condensed-Black.ttf in Resources */,
				7A2103F629E843DC96696817 /* NotoSansArabic_Condensed-Bold.ttf in Resources */,
				42BB29F0D74F401EBEBA3750 /* NotoSansArabic_Condensed-ExtraBold.ttf in Resources */,
				F8D87A48FD554F17A219DE5D /* NotoSansArabic_Condensed-ExtraLight.ttf in Resources */,
				A1CA76273CBA4801A8E181B7 /* NotoSansArabic_Condensed-Light.ttf in Resources */,
				014EDCC4706A46C0A3338329 /* NotoSansArabic_Condensed-Medium.ttf in Resources */,
				FF4D514ED4184BE092A56AA8 /* NotoSansArabic_Condensed-Regular.ttf in Resources */,
				40DC880615764841B752A5C8 /* NotoSansArabic_Condensed-SemiBold.ttf in Resources */,
				E603E34CBC1D4548B94B504D /* NotoSansArabic_Condensed-Thin.ttf in Resources */,
				0BB56ED3A6C94DD3BB6159FC /* NotoSansArabic_ExtraCondensed-Black.ttf in Resources */,
				9708DDE8F4BD402489976FF2 /* NotoSansArabic_ExtraCondensed-Bold.ttf in Resources */,
				DA520DB7D69740C286BB50A4 /* NotoSansArabic_ExtraCondensed-ExtraBold.ttf in Resources */,
				3535FDC28A114FEAAE9D2DB2 /* NotoSansArabic_ExtraCondensed-ExtraLight.ttf in Resources */,
				B71336F10D3847B8B5CBE91A /* NotoSansArabic_ExtraCondensed-Light.ttf in Resources */,
				F2370621B9C94A62BE7DEEB2 /* NotoSansArabic_ExtraCondensed-Medium.ttf in Resources */,
				C701EF35EC044792B242C7AA /* NotoSansArabic_ExtraCondensed-Regular.ttf in Resources */,
				958B24A498094FFCACDBB7F3 /* NotoSansArabic_ExtraCondensed-SemiBold.ttf in Resources */,
				10738D32176A4F789D921177 /* NotoSansArabic_ExtraCondensed-Thin.ttf in Resources */,
				312DA2C6C2044B8C847CF844 /* NotoSansArabic_SemiCondensed-Black.ttf in Resources */,
				1B2196D93A564A6FA6B062CC /* NotoSansArabic_SemiCondensed-Bold.ttf in Resources */,
				213566D068AD45B78A0A3D72 /* NotoSansArabic_SemiCondensed-ExtraBold.ttf in Resources */,
				2BED874BE97E412BA1375451 /* NotoSansArabic_SemiCondensed-ExtraLight.ttf in Resources */,
				29C6E8C43C0D40CB9F9AF73F /* NotoSansArabic_SemiCondensed-Light.ttf in Resources */,
				B048D371A179418CB8311CA2 /* NotoSansArabic_SemiCondensed-Medium.ttf in Resources */,
				84E5EBDFBB5D46AF9F4FB095 /* NotoSansArabic_SemiCondensed-Regular.ttf in Resources */,
				BB0362E5A5924C1C86BD3B23 /* NotoSansArabic_SemiCondensed-SemiBold.ttf in Resources */,
				3B6A21B93E654635A7BE46B1 /* NotoSansArabic_SemiCondensed-Thin.ttf in Resources */,
				75AB7D9C0DF842D391E1C441 /* NotoSans_Condensed-Black.ttf in Resources */,
				1B1C2074C04A416EBEF794A2 /* NotoSans_Condensed-BlackItalic.ttf in Resources */,
				5CD07493699E4B978188F1B8 /* NotoSans_Condensed-Bold.ttf in Resources */,
				F96DD6E98C964EE08BAA3D9C /* NotoSans_Condensed-BoldItalic.ttf in Resources */,
				C93C3510F88849CF8FF1CB4F /* NotoSans_Condensed-ExtraBold.ttf in Resources */,
				5251532E72BC4753B570D79A /* NotoSans_Condensed-ExtraBoldItalic.ttf in Resources */,
				4E585057B2C646AE89F96CB3 /* NotoSans_Condensed-ExtraLight.ttf in Resources */,
				9B0BB3A724BF4D3A9E6C0813 /* NotoSans_Condensed-ExtraLightItalic.ttf in Resources */,
				AB339F47BFFA44FE90E37AC3 /* NotoSans_Condensed-Italic.ttf in Resources */,
				7CDABF4B6E2E42688246A677 /* NotoSans_Condensed-Light.ttf in Resources */,
				D6A1848FF37F49DF972F4592 /* NotoSans_Condensed-LightItalic.ttf in Resources */,
				679736B4BDD74B7283714C64 /* NotoSans_Condensed-Medium.ttf in Resources */,
				F653BC83C03C43B9A37E753D /* NotoSans_Condensed-MediumItalic.ttf in Resources */,
				168D1E745F17472CBC243F9A /* NotoSans_Condensed-Regular.ttf in Resources */,
				CD6FD9FE2F1A4CC8B78E0AE0 /* NotoSans_Condensed-SemiBold.ttf in Resources */,
				6C703BAE4D9C41A796598E3C /* NotoSans_Condensed-SemiBoldItalic.ttf in Resources */,
				E9B6938CD2064E91A718266E /* NotoSans_Condensed-Thin.ttf in Resources */,
				AE3429C470734510BFF6F508 /* NotoSans_Condensed-ThinItalic.ttf in Resources */,
				8771A1AB406A420E95BDE81D /* NotoSans_ExtraCondensed-Black.ttf in Resources */,
				ABFAF13AF07C4BC69E407EC9 /* NotoSans_ExtraCondensed-BlackItalic.ttf in Resources */,
				5F1AE53A572C47FDBEA7F01C /* NotoSans_ExtraCondensed-Bold.ttf in Resources */,
				948BF97C70204606BB7BB9C3 /* NotoSans_ExtraCondensed-BoldItalic.ttf in Resources */,
				DA828022B63D42F2B60B4F0F /* NotoSans_ExtraCondensed-ExtraBold.ttf in Resources */,
				B1C5893CD5E64ED5B1B61863 /* NotoSans_ExtraCondensed-ExtraBoldItalic.ttf in Resources */,
				9049287554A845B0A17ADECD /* NotoSans_ExtraCondensed-ExtraLight.ttf in Resources */,
				B49D420D87D147EF9F4365DA /* NotoSans_ExtraCondensed-ExtraLightItalic.ttf in Resources */,
				0FFCB8F1F8AA4B259065576B /* NotoSans_ExtraCondensed-Italic.ttf in Resources */,
				398D2D64EB4F4460A68FDBB6 /* NotoSans_ExtraCondensed-Light.ttf in Resources */,
				E27203B347A94CD097F08592 /* NotoSans_ExtraCondensed-LightItalic.ttf in Resources */,
				87D141F2E26A4BE8BEE851FF /* NotoSans_ExtraCondensed-Medium.ttf in Resources */,
				6C9C602B429A4A649E1A73EE /* NotoSans_ExtraCondensed-MediumItalic.ttf in Resources */,
				5B9ED3E1CD68498D854899BD /* NotoSans_ExtraCondensed-Regular.ttf in Resources */,
				9F1C03AEF7F3464CA3F20976 /* NotoSans_ExtraCondensed-SemiBold.ttf in Resources */,
				F546C44FDE8049F3A320E640 /* NotoSans_ExtraCondensed-SemiBoldItalic.ttf in Resources */,
				17E1E0074AD54E38B922CD23 /* NotoSans_ExtraCondensed-Thin.ttf in Resources */,
				090AE99073C846DFA5F3494A /* NotoSans_ExtraCondensed-ThinItalic.ttf in Resources */,
				72E18123CDD542EB83EC90D7 /* NotoSans_SemiCondensed-Black.ttf in Resources */,
				5B2A8E10354E49ECA4A2B94B /* NotoSans_SemiCondensed-BlackItalic.ttf in Resources */,
				C85F5AF193324BACBCF8B7DB /* NotoSans_SemiCondensed-Bold.ttf in Resources */,
				8A798D6B17714C8F922BC810 /* NotoSans_SemiCondensed-BoldItalic.ttf in Resources */,
				EFBE12551B82409EB6908FA0 /* NotoSans_SemiCondensed-ExtraBold.ttf in Resources */,
				F13C5242B98045A9A7DC5842 /* NotoSans_SemiCondensed-ExtraBoldItalic.ttf in Resources */,
				E90FF91F00DD4D3BB412FD7C /* NotoSans_SemiCondensed-ExtraLight.ttf in Resources */,
				EF4BEF4512BF4529984FD553 /* NotoSans_SemiCondensed-ExtraLightItalic.ttf in Resources */,
				4AC9D98C853D47C9AA3AA4A4 /* NotoSans_SemiCondensed-Italic.ttf in Resources */,
				A14442DD51C544AEBC990A44 /* NotoSans_SemiCondensed-Light.ttf in Resources */,
				4CB8417754484AFE9E78C10F /* NotoSans_SemiCondensed-LightItalic.ttf in Resources */,
				0112C23EBC494D28A7A5B217 /* NotoSans_SemiCondensed-Medium.ttf in Resources */,
				E0B27B1969FA49AC9AC570DA /* NotoSans_SemiCondensed-MediumItalic.ttf in Resources */,
				C508B5F982044CEB9C5A40EA /* NotoSans_SemiCondensed-Regular.ttf in Resources */,
				531F2FA54E24471D98E8B3D1 /* NotoSans_SemiCondensed-SemiBold.ttf in Resources */,
				498572535AB54D6CAC30EE61 /* NotoSans_SemiCondensed-SemiBoldItalic.ttf in Resources */,
				13608D3CEA174A64B9471970 /* NotoSans_SemiCondensed-Thin.ttf in Resources */,
				678DD580521E4DB88751C077 /* NotoSans_SemiCondensed-ThinItalic.ttf in Resources */,
			);
			runOnlyForDeploymentPostprocessing = 0;
		};
/* End PBXResourcesBuildPhase section */

/* Begin PBXShellScriptBuildPhase section */
		00DD1BFF1BD5951E006B06BC /* Bundle React Native code and images */ = {
			isa = PBXShellScriptBuildPhase;
			buildActionMask = 2147483647;
			files = (
			);
			inputPaths = (
				"$(SRCROOT)/.xcode.env.local",
				"$(SRCROOT)/.xcode.env",
			);
			name = "Bundle React Native code and images";
			outputPaths = (
			);
			runOnlyForDeploymentPostprocessing = 0;
			shellPath = /bin/sh;
			shellScript = "set -e\n\nWITH_ENVIRONMENT=\"$REACT_NATIVE_PATH/scripts/xcode/with-environment.sh\"\nREACT_NATIVE_XCODE=\"$REACT_NATIVE_PATH/scripts/react-native-xcode.sh\"\n\n/bin/sh -c \"$WITH_ENVIRONMENT $REACT_NATIVE_XCODE\"\n";
		};
		00EEFC60759A1932668264C0 /* [CP] Embed Pods Frameworks */ = {
			isa = PBXShellScriptBuildPhase;
			buildActionMask = 2147483647;
			files = (
			);
			inputFileListPaths = (
				"${PODS_ROOT}/Target Support Files/Pods-Bosla/Pods-Bosla-frameworks-${CONFIGURATION}-input-files.xcfilelist",
			);
			name = "[CP] Embed Pods Frameworks";
			outputFileListPaths = (
				"${PODS_ROOT}/Target Support Files/Pods-Bosla/Pods-Bosla-frameworks-${CONFIGURATION}-output-files.xcfilelist",
			);
			runOnlyForDeploymentPostprocessing = 0;
			shellPath = /bin/sh;
			shellScript = "\"${PODS_ROOT}/Target Support Files/Pods-Bosla/Pods-Bosla-frameworks.sh\"\n";
			showEnvVarsInLog = 0;
		};
		C38B50BA6285516D6DCD4F65 /* [CP] Check Pods Manifest.lock */ = {
			isa = PBXShellScriptBuildPhase;
			buildActionMask = 2147483647;
			files = (
			);
			inputFileListPaths = (
			);
			inputPaths = (
				"${PODS_PODFILE_DIR_PATH}/Podfile.lock",
				"${PODS_ROOT}/Manifest.lock",
			);
			name = "[CP] Check Pods Manifest.lock";
			outputFileListPaths = (
			);
			outputPaths = (
				"$(DERIVED_FILE_DIR)/Pods-Bosla-checkManifestLockResult.txt",
			);
			runOnlyForDeploymentPostprocessing = 0;
			shellPath = /bin/sh;
			shellScript = "diff \"${PODS_PODFILE_DIR_PATH}/Podfile.lock\" \"${PODS_ROOT}/Manifest.lock\" > /dev/null\nif [ $? != 0 ] ; then\n    # print error to STDERR\n    echo \"error: The sandbox is not in sync with the Podfile.lock. Run 'pod install' or update your CocoaPods installation.\" >&2\n    exit 1\nfi\n# This output is used by Xcode 'outputs' to avoid re-running this script phase.\necho \"SUCCESS\" > \"${SCRIPT_OUTPUT_FILE_0}\"\n";
			showEnvVarsInLog = 0;
		};
		E235C05ADACE081382539298 /* [CP] Copy Pods Resources */ = {
			isa = PBXShellScriptBuildPhase;
			buildActionMask = 2147483647;
			files = (
			);
			inputFileListPaths = (
				"${PODS_ROOT}/Target Support Files/Pods-Bosla/Pods-Bosla-resources-${CONFIGURATION}-input-files.xcfilelist",
			);
			name = "[CP] Copy Pods Resources";
			outputFileListPaths = (
				"${PODS_ROOT}/Target Support Files/Pods-Bosla/Pods-Bosla-resources-${CONFIGURATION}-output-files.xcfilelist",
			);
			runOnlyForDeploymentPostprocessing = 0;
			shellPath = /bin/sh;
			shellScript = "\"${PODS_ROOT}/Target Support Files/Pods-Bosla/Pods-Bosla-resources.sh\"\n";
			showEnvVarsInLog = 0;
		};
/* End PBXShellScriptBuildPhase section */

/* Begin PBXSourcesBuildPhase section */
		13B07F871A680F5B00A75B9A /* Sources */ = {
			isa = PBXSourcesBuildPhase;
			buildActionMask = 2147483647;
			files = (
				761780ED2CA45674006654EE /* AppDelegate.swift in Sources */,
			);
			runOnlyForDeploymentPostprocessing = 0;
		};
/* End PBXSourcesBuildPhase section */

/* Begin XCBuildConfiguration section */
		13B07F941A680F5B00A75B9A /* Debug */ = {
			isa = XCBuildConfiguration;
			baseConfigurationReference = 3B4392A12AC88292D35C810B /* Pods-Bosla.debug.xcconfig */;
			buildSettings = {
				ASSETCATALOG_COMPILER_APPICON_NAME = AppIcon;
				CLANG_ENABLE_MODULES = YES;
				CURRENT_PROJECT_VERSION = 1;
				ENABLE_BITCODE = NO;
				INFOPLIST_FILE = Bosla/Info.plist;
				IPHONEOS_DEPLOYMENT_TARGET = 15.1;
				LD_RUNPATH_SEARCH_PATHS = (
					"$(inherited)",
					"@executable_path/Frameworks",
				);
				MARKETING_VERSION = 1.0;
				OTHER_LDFLAGS = (
					"$(inherited)",
					"-ObjC",
					"-lc++",
				);
				PRODUCT_BUNDLE_IDENTIFIER = "org.reactjs.native.example.$(PRODUCT_NAME:rfc1034identifier)";
				PRODUCT_NAME = Bosla;
				SWIFT_OPTIMIZATION_LEVEL = "-Onone";
				SWIFT_VERSION = 5.0;
				VERSIONING_SYSTEM = "apple-generic";
			};
			name = Debug;
		};
		13B07F951A680F5B00A75B9A /* Release */ = {
			isa = XCBuildConfiguration;
			baseConfigurationReference = 5709B34CF0A7D63546082F79 /* Pods-Bosla.release.xcconfig */;
			buildSettings = {
				ASSETCATALOG_COMPILER_APPICON_NAME = AppIcon;
				CLANG_ENABLE_MODULES = YES;
				CURRENT_PROJECT_VERSION = 1;
				INFOPLIST_FILE = Bosla/Info.plist;
				IPHONEOS_DEPLOYMENT_TARGET = 15.1;
				LD_RUNPATH_SEARCH_PATHS = (
					"$(inherited)",
					"@executable_path/Frameworks",
				);
				MARKETING_VERSION = 1.0;
				OTHER_LDFLAGS = (
					"$(inherited)",
					"-ObjC",
					"-lc++",
				);
				PRODUCT_BUNDLE_IDENTIFIER = "org.reactjs.native.example.$(PRODUCT_NAME:rfc1034identifier)";
				PRODUCT_NAME = Bosla;
				SWIFT_VERSION = 5.0;
				VERSIONING_SYSTEM = "apple-generic";
			};
			name = Release;
		};
		83CBBA201A601CBA00E9B192 /* Debug */ = {
			isa = XCBuildConfiguration;
			buildSettings = {
				ALWAYS_SEARCH_USER_PATHS = NO;
				CLANG_ANALYZER_LOCALIZABILITY_NONLOCALIZED = YES;
				CLANG_CXX_LANGUAGE_STANDARD = "c++20";
				CLANG_CXX_LIBRARY = "libc++";
				CLANG_ENABLE_MODULES = YES;
				CLANG_ENABLE_OBJC_ARC = YES;
				CLANG_WARN_BLOCK_CAPTURE_AUTORELEASING = YES;
				CLANG_WARN_BOOL_CONVERSION = YES;
				CLANG_WARN_COMMA = YES;
				CLANG_WARN_CONSTANT_CONVERSION = YES;
				CLANG_WARN_DEPRECATED_OBJC_IMPLEMENTATIONS = YES;
				CLANG_WARN_DIRECT_OBJC_ISA_USAGE = YES_ERROR;
				CLANG_WARN_EMPTY_BODY = YES;
				CLANG_WARN_ENUM_CONVERSION = YES;
				CLANG_WARN_INFINITE_RECURSION = YES;
				CLANG_WARN_INT_CONVERSION = YES;
				CLANG_WARN_NON_LITERAL_NULL_CONVERSION = YES;
				CLANG_WARN_OBJC_IMPLICIT_RETAIN_SELF = YES;
				CLANG_WARN_OBJC_LITERAL_CONVERSION = YES;
				CLANG_WARN_OBJC_ROOT_CLASS = YES_ERROR;
				CLANG_WARN_QUOTED_INCLUDE_IN_FRAMEWORK_HEADER = YES;
				CLANG_WARN_RANGE_LOOP_ANALYSIS = YES;
				CLANG_WARN_STRICT_PROTOTYPES = YES;
				CLANG_WARN_SUSPICIOUS_MOVE = YES;
				CLANG_WARN_UNREACHABLE_CODE = YES;
				CLANG_WARN__DUPLICATE_METHOD_MATCH = YES;
				"CODE_SIGN_IDENTITY[sdk=iphoneos*]" = "iPhone Developer";
				COPY_PHASE_STRIP = NO;
				ENABLE_STRICT_OBJC_MSGSEND = YES;
				ENABLE_TESTABILITY = YES;
				"EXCLUDED_ARCHS[sdk=iphonesimulator*]" = "";
				GCC_C_LANGUAGE_STANDARD = gnu99;
				GCC_DYNAMIC_NO_PIC = NO;
				GCC_NO_COMMON_BLOCKS = YES;
				GCC_OPTIMIZATION_LEVEL = 0;
				GCC_PREPROCESSOR_DEFINITIONS = (
					"DEBUG=1",
					"$(inherited)",
				);
				GCC_SYMBOLS_PRIVATE_EXTERN = NO;
				GCC_WARN_64_TO_32_BIT_CONVERSION = YES;
				GCC_WARN_ABOUT_RETURN_TYPE = YES_ERROR;
				GCC_WARN_UNDECLARED_SELECTOR = YES;
				GCC_WARN_UNINITIALIZED_AUTOS = YES_AGGRESSIVE;
				GCC_WARN_UNUSED_FUNCTION = YES;
				GCC_WARN_UNUSED_VARIABLE = YES;
				IPHONEOS_DEPLOYMENT_TARGET = 15.1;
				LD_RUNPATH_SEARCH_PATHS = (
					/usr/lib/swift,
					"$(inherited)",
				);
				LIBRARY_SEARCH_PATHS = (
					"\"$(SDKROOT)/usr/lib/swift\"",
					"\"$(TOOLCHAIN_DIR)/usr/lib/swift/$(PLATFORM_NAME)\"",
					"\"$(inherited)\"",
				);
				MTL_ENABLE_DEBUG_INFO = YES;
				ONLY_ACTIVE_ARCH = YES;
				OTHER_CPLUSPLUSFLAGS = (
					"$(OTHER_CFLAGS)",
					"-DFOLLY_NO_CONFIG",
					"-DFOLLY_MOBILE=1",
					"-DFOLLY_USE_LIBCPP=1",
					"-DFOLLY_CFG_NO_COROUTINES=1",
					"-DFOLLY_HAVE_CLOCK_GETTIME=1",
				);
				SDKROOT = iphoneos;
			};
			name = Debug;
		};
		83CBBA211A601CBA00E9B192 /* Release */ = {
			isa = XCBuildConfiguration;
			buildSettings = {
				ALWAYS_SEARCH_USER_PATHS = NO;
				CLANG_ANALYZER_LOCALIZABILITY_NONLOCALIZED = YES;
				CLANG_CXX_LANGUAGE_STANDARD = "c++20";
				CLANG_CXX_LIBRARY = "libc++";
				CLANG_ENABLE_MODULES = YES;
				CLANG_ENABLE_OBJC_ARC = YES;
				CLANG_WARN_BLOCK_CAPTURE_AUTORELEASING = YES;
				CLANG_WARN_BOOL_CONVERSION = YES;
				CLANG_WARN_COMMA = YES;
				CLANG_WARN_CONSTANT_CONVERSION = YES;
				CLANG_WARN_DEPRECATED_OBJC_IMPLEMENTATIONS = YES;
				CLANG_WARN_DIRECT_OBJC_ISA_USAGE = YES_ERROR;
				CLANG_WARN_EMPTY_BODY = YES;
				CLANG_WARN_ENUM_CONVERSION = YES;
				CLANG_WARN_INFINITE_RECURSION = YES;
				CLANG_WARN_INT_CONVERSION = YES;
				CLANG_WARN_NON_LITERAL_NULL_CONVERSION = YES;
				CLANG_WARN_OBJC_IMPLICIT_RETAIN_SELF = YES;
				CLANG_WARN_OBJC_LITERAL_CONVERSION = YES;
				CLANG_WARN_OBJC_ROOT_CLASS = YES_ERROR;
				CLANG_WARN_QUOTED_INCLUDE_IN_FRAMEWORK_HEADER = YES;
				CLANG_WARN_RANGE_LOOP_ANALYSIS = YES;
				CLANG_WARN_STRICT_PROTOTYPES = YES;
				CLANG_WARN_SUSPICIOUS_MOVE = YES;
				CLANG_WARN_UNREACHABLE_CODE = YES;
				CLANG_WARN__DUPLICATE_METHOD_MATCH = YES;
				"CODE_SIGN_IDENTITY[sdk=iphoneos*]" = "iPhone Developer";
				COPY_PHASE_STRIP = YES;
				ENABLE_NS_ASSERTIONS = NO;
				ENABLE_STRICT_OBJC_MSGSEND = YES;
				"EXCLUDED_ARCHS[sdk=iphonesimulator*]" = "";
				GCC_C_LANGUAGE_STANDARD = gnu99;
				GCC_NO_COMMON_BLOCKS = YES;
				GCC_WARN_64_TO_32_BIT_CONVERSION = YES;
				GCC_WARN_ABOUT_RETURN_TYPE = YES_ERROR;
				GCC_WARN_UNDECLARED_SELECTOR = YES;
				GCC_WARN_UNINITIALIZED_AUTOS = YES_AGGRESSIVE;
				GCC_WARN_UNUSED_FUNCTION = YES;
				GCC_WARN_UNUSED_VARIABLE = YES;
				IPHONEOS_DEPLOYMENT_TARGET = 15.1;
				LD_RUNPATH_SEARCH_PATHS = (
					/usr/lib/swift,
					"$(inherited)",
				);
				LIBRARY_SEARCH_PATHS = (
					"\"$(SDKROOT)/usr/lib/swift\"",
					"\"$(TOOLCHAIN_DIR)/usr/lib/swift/$(PLATFORM_NAME)\"",
					"\"$(inherited)\"",
				);
				MTL_ENABLE_DEBUG_INFO = NO;
				OTHER_CPLUSPLUSFLAGS = (
					"$(OTHER_CFLAGS)",
					"-DFOLLY_NO_CONFIG",
					"-DFOLLY_MOBILE=1",
					"-DFOLLY_USE_LIBCPP=1",
					"-DFOLLY_CFG_NO_COROUTINES=1",
					"-DFOLLY_HAVE_CLOCK_GETTIME=1",
				);
				SDKROOT = iphoneos;
				VALIDATE_PRODUCT = YES;
			};
			name = Release;
		};
/* End XCBuildConfiguration section */

/* Begin XCConfigurationList section */
		13B07F931A680F5B00A75B9A /* Build configuration list for PBXNativeTarget "Bosla" */ = {
			isa = XCConfigurationList;
			buildConfigurations = (
				13B07F941A680F5B00A75B9A /* Debug */,
				13B07F951A680F5B00A75B9A /* Release */,
			);
			defaultConfigurationIsVisible = 0;
			defaultConfigurationName = Release;
		};
		83CBB9FA1A601CBA00E9B192 /* Build configuration list for PBXProject "Bosla" */ = {
			isa = XCConfigurationList;
			buildConfigurations = (
				83CBBA201A601CBA00E9B192 /* Debug */,
				83CBBA211A601CBA00E9B192 /* Release */,
			);
			defaultConfigurationIsVisible = 0;
			defaultConfigurationName = Release;
		};
/* End XCConfigurationList section */
	};
	rootObject = 83CBB9F71A601CBA00E9B192 /* Project object */;
}
